
Microsoft Visual Studio Solution File, Format Version 12.00
# Visual Studio 14
VisualStudioVersion = 14.0.25420.1
MinimumVisualStudioVersion = 10.0.40219.1
Project("{FAE04EC0-301F-11D3-BF4B-00C04F79EFBC}") = "WCFDuplexToSignalR", "WCFDuplexToSignalR\WCFDuplexToSignalR.csproj", "{E427A120-DB19-4F8C-8469-75CDD6C67510}"
EndProject
Project("{FAE04EC0-301F-11D3-BF4B-00C04F79EFBC}") = "ClientLib", "ClientLib\ClientLib.csproj", "{C33D597E-E772-4D91-ADC6-70769F2BBC60}"
EndProject
Project("{FAE04EC0-301F-11D3-BF4B-00C04F79EFBC}") = "SignalRClient", "SignalRClient\SignalRClient.csproj", "{7C87773D-6C59-4E76-B31B-604BC584AAF1}"
EndProject
Project("{FAE04EC0-301F-11D3-BF4B-00C04F79EFBC}") = "WCFClient", "WCFClient\WCFClient.csproj", "{C4FADA3D-FAB9-4777-9F05-C83CAA4DD371}"
EndProject
Project("{2150E333-8FDC-42A3-9474-1A3956D46DE8}") = "Server", "Server", "{6FE0909B-3FFA-4C8F-9EE7-9917C245D913}"
EndProject
Project("{FAE04EC0-301F-11D3-BF4B-00C04F79EFBC}") = "WCFDuplexService", "WCFDuplexService\WCFDuplexService.csproj", "{689A838C-46B4-48DD-B456-BAFD2A71E256}"
EndProject
Project("{FAE04EC0-301F-11D3-BF4B-00C04F79EFBC}") = "SignalRService", "SignalRService\SignalRService.csproj", "{AD7F2209-826F-43B4-A0E7-1E87A345C8AA}"
EndProject
Global
	GlobalSection(SolutionConfigurationPlatforms) = preSolution
		Debug|Any CPU = Debug|Any CPU
		Release|Any CPU = Release|Any CPU
	EndGlobalSection
	GlobalSection(ProjectConfigurationPlatforms) = postSolution
		{E427A120-DB19-4F8C-8469-75CDD6C67510}.Debug|Any CPU.ActiveCfg = Debug|Any CPU
		{E427A120-DB19-4F8C-8469-75CDD6C67510}.Debug|Any CPU.Build.0 = Debug|Any CPU
		{E427A120-DB19-4F8C-8469-75CDD6C67510}.Release|Any CPU.ActiveCfg = Release|Any CPU
		{E427A120-DB19-4F8C-8469-75CDD6C67510}.Release|Any CPU.Build.0 = Release|Any CPU
		{C33D597E-E772-4D91-ADC6-70769F2BBC60}.Debug|Any CPU.ActiveCfg = Debug|Any CPU
		{C33D597E-E772-4D91-ADC6-70769F2BBC60}.Debug|Any CPU.Build.0 = Debug|Any CPU
		{C33D597E-E772-4D91-ADC6-70769F2BBC60}.Release|Any CPU.ActiveCfg = Release|Any CPU
		{C33D597E-E772-4D91-ADC6-70769F2BBC60}.Release|Any CPU.Build.0 = Release|Any CPU
		{7C87773D-6C59-4E76-B31B-604BC584AAF1}.Debug|Any CPU.ActiveCfg = Debug|Any CPU
		{7C87773D-6C59-4E76-B31B-604BC584AAF1}.Debug|Any CPU.Build.0 = Debug|Any CPU
		{7C87773D-6C59-4E76-B31B-604BC584AAF1}.Release|Any CPU.ActiveCfg = Release|Any CPU
		{7C87773D-6C59-4E76-B31B-604BC584AAF1}.Release|Any CPU.Build.0 = Release|Any CPU
		{C4FADA3D-FAB9-4777-9F05-C83CAA4DD371}.Debug|Any CPU.ActiveCfg = Debug|Any CPU
		{C4FADA3D-FAB9-4777-9F05-C83CAA4DD371}.Debug|Any CPU.Build.0 = Debug|Any CPU
		{C4FADA3D-FAB9-4777-9F05-C83CAA4DD371}.Release|Any CPU.ActiveCfg = Release|Any CPU
		{C4FADA3D-FAB9-4777-9F05-C83CAA4DD371}.Release|Any CPU.Build.0 = Release|Any CPU
		{689A838C-46B4-48DD-B456-BAFD2A71E256}.Debug|Any CPU.ActiveCfg = Debug|Any CPU
		{689A838C-46B4-48DD-B456-BAFD2A71E256}.Debug|Any CPU.Build.0 = Debug|Any CPU
		{689A838C-46B4-48DD-B456-BAFD2A71E256}.Release|Any CPU.ActiveCfg = Release|Any CPU
		{689A838C-46B4-48DD-B456-BAFD2A71E256}.Release|Any CPU.Build.0 = Release|Any CPU
		{AD7F2209-826F-43B4-A0E7-1E87A345C8AA}.Debug|Any CPU.ActiveCfg = Debug|Any CPU
		{AD7F2209-826F-43B4-A0E7-1E87A345C8AA}.Debug|Any CPU.Build.0 = Debug|Any CPU
		{AD7F2209-826F-43B4-A0E7-1E87A345C8AA}.Release|Any CPU.ActiveCfg = Release|Any CPU
		{AD7F2209-826F-43B4-A0E7-1E87A345C8AA}.Release|Any CPU.Build.0 = Release|Any CPU
	EndGlobalSection
	GlobalSection(SolutionProperties) = preSolution
		HideSolutionNode = FALSE
	EndGlobalSection
	GlobalSection(NestedProjects) = preSolution
		{689A838C-46B4-48DD-B456-BAFD2A71E256} = {6FE0909B-3FFA-4C8F-9EE7-9917C245D913}
		{AD7F2209-826F-43B4-A0E7-1E87A345C8AA} = {6FE0909B-3FFA-4C8F-9EE7-9917C245D913}
	EndGlobalSection
EndGlobal
