
Microsoft Visual Studio Solution File, Format Version 12.00
# Visual Studio Version 16
VisualStudioVersion = 16.0.28711.60
MinimumVisualStudioVersion = 10.0.40219.1
Project("{9A19103F-16F7-4668-BE54-9A1E7A4F7556}") = "worker", "worker.csproj", "{74B468CC-FE3D-40CC-867F-51CBE5988FE7}"
EndProject
Global
	GlobalSection(SolutionConfigurationPlatforms) = preSolution
		Debug|Any CPU = Debug|Any CPU
		Release|Any CPU = Release|Any CPU
	EndGlobalSection
	GlobalSection(ProjectConfigurationPlatforms) = postSolution
		{74B468CC-FE3D-40CC-867F-51CBE5988FE7}.Debug|Any CPU.ActiveCfg = Debug|Any CPU
		{74B468CC-FE3D-40CC-867F-51CBE5988FE7}.Debug|Any CPU.Build.0 = Debug|Any CPU
		{74B468CC-FE3D-40CC-867F-51CBE5988FE7}.Release|Any CPU.ActiveCfg = Release|Any CPU
		{74B468CC-FE3D-40CC-867F-51CBE5988FE7}.Release|Any CPU.Build.0 = Release|Any CPU
	EndGlobalSection
	GlobalSection(SolutionProperties) = preSolution
		HideSolutionNode = FALSE
	EndGlobalSection
	GlobalSection(ExtensibilityGlobals) = postSolution
		SolutionGuid = {6778C5E0-0B0D-4534-8F3E-6087667C6E35}
	EndGlobalSection
EndGlobal
