
Microsoft Visual Studio Solution File, Format Version 12.00
# Visual Studio 15
VisualStudioVersion = 15.0.28307.168
MinimumVisualStudioVersion = 10.0.40219.1
Project("{FAE04EC0-301F-11D3-BF4B-00C04F79EFBC}") = "EFCore21Features", "EFCore21Features\EFCore21Features.csproj", "{E867384C-F543-4DC9-9F41-DF8A597809DF}"
EndProject
Global
	GlobalSection(SolutionConfigurationPlatforms) = preSolution
		Debug|Any CPU = Debug|Any CPU
		Release|Any CPU = Release|Any CPU
	EndGlobalSection
	GlobalSection(ProjectConfigurationPlatforms) = postSolution
		{E867384C-F543-4DC9-9F41-DF8A597809DF}.Debug|Any CPU.ActiveCfg = Debug|Any CPU
		{E867384C-F543-4DC9-9F41-DF8A597809DF}.Debug|Any CPU.Build.0 = Debug|Any CPU
		{E867384C-F543-4DC9-9F41-DF8A597809DF}.Release|Any CPU.ActiveCfg = Release|Any CPU
		{E867384C-F543-4DC9-9F41-DF8A597809DF}.Release|Any CPU.Build.0 = Release|Any CPU
	EndGlobalSection
	GlobalSection(SolutionProperties) = preSolution
		HideSolutionNode = FALSE
	EndGlobalSection
	GlobalSection(ExtensibilityGlobals) = postSolution
		SolutionGuid = {A1C64687-790D-41F7-A7CB-AB2FFE419E39}
	EndGlobalSection
EndGlobal
