
Microsoft Visual Studio Solution File, Format Version 12.00
# Visual Studio 15
VisualStudioVersion = 15.0.27703.2042
MinimumVisualStudioVersion = 10.0.40219.1
Project("{FAE04EC0-301F-11D3-BF4B-00C04F79EFBC}") = "RestaurantSampleUser", "RestaurantSampleUser\RestaurantSampleUser.csproj", "{0E321C37-8412-406B-8239-2652679A6698}"
EndProject
Global
	GlobalSection(SolutionConfigurationPlatforms) = preSolution
		Debug|Any CPU = Debug|Any CPU
		Release|Any CPU = Release|Any CPU
	EndGlobalSection
	GlobalSection(ProjectConfigurationPlatforms) = postSolution
		{0E321C37-8412-406B-8239-2652679A6698}.Debug|Any CPU.ActiveCfg = Debug|Any CPU
		{0E321C37-8412-406B-8239-2652679A6698}.Debug|Any CPU.Build.0 = Debug|Any CPU
		{0E321C37-8412-406B-8239-2652679A6698}.Release|Any CPU.ActiveCfg = Release|Any CPU
		{0E321C37-8412-406B-8239-2652679A6698}.Release|Any CPU.Build.0 = Release|Any CPU
	EndGlobalSection
	GlobalSection(SolutionProperties) = preSolution
		HideSolutionNode = FALSE
	EndGlobalSection
	GlobalSection(ExtensibilityGlobals) = postSolution
		SolutionGuid = {2E85DF8A-B977-420C-BEB0-A9583E77430D}
	EndGlobalSection
EndGlobal
