
Microsoft Visual Studio Solution File, Format Version 12.00
# Visual Studio 15
VisualStudioVersion = 15.0.27703.2035
MinimumVisualStudioVersion = 10.0.40219.1
Project("{FAE04EC0-301F-11D3-BF4B-00C04F79EFBC}") = "SeedSample", "SeedSample\SeedSample.csproj", "{68A9B193-CC2C-4B27-B058-07F936D5261E}"
EndProject
Global
	GlobalSection(SolutionConfigurationPlatforms) = preSolution
		Debug|Any CPU = Debug|Any CPU
		Release|Any CPU = Release|Any CPU
	EndGlobalSection
	GlobalSection(ProjectConfigurationPlatforms) = postSolution
		{68A9B193-CC2C-4B27-B058-07F936D5261E}.Debug|Any CPU.ActiveCfg = Debug|Any CPU
		{68A9B193-CC2C-4B27-B058-07F936D5261E}.Debug|Any CPU.Build.0 = Debug|Any CPU
		{68A9B193-CC2C-4B27-B058-07F936D5261E}.Release|Any CPU.ActiveCfg = Release|Any CPU
		{68A9B193-CC2C-4B27-B058-07F936D5261E}.Release|Any CPU.Build.0 = Release|Any CPU
	EndGlobalSection
	GlobalSection(SolutionProperties) = preSolution
		HideSolutionNode = FALSE
	EndGlobalSection
	GlobalSection(ExtensibilityGlobals) = postSolution
		SolutionGuid = {E2ED9147-4B84-46C9-9E0A-943320A13637}
	EndGlobalSection
EndGlobal
