
Microsoft Visual Studio Solution File, Format Version 12.00
# Visual Studio 14
VisualStudioVersion = 14.0.25420.1
MinimumVisualStudioVersion = 10.0.40219.1
Project("{8BB2217D-0F2D-49D1-97BC-3654ED321F3B}") = "SharedLibrary", "SharedLibrary\SharedLibrary.xproj", "{DEF9B0D9-E94A-4CB2-BCA1-AD6B4C558BDE}"
EndProject
Project("{FAE04EC0-301F-11D3-BF4B-00C04F79EFBC}") = "UWPClient", "UWPClient\UWPClient.csproj", "{9FBDD241-8741-4F60-99EB-024D710070DD}"
EndProject
Project("{FAE04EC0-301F-11D3-BF4B-00C04F79EFBC}") = "XamarinClient.Droid", "XamarinClient\XamarinClient.Droid\XamarinClient.Droid.csproj", "{F36D9043-13F1-4E0B-87BF-B65B77D3B9C8}"
EndProject
Project("{FAE04EC0-301F-11D3-BF4B-00C04F79EFBC}") = "XamarinClient.iOS", "XamarinClient\XamarinClient.iOS\XamarinClient.iOS.csproj", "{FC343B65-B4A3-4ABA-A62B-08036D663C71}"
EndProject
Project("{FAE04EC0-301F-11D3-BF4B-00C04F79EFBC}") = "XamarinClient.WinPhone", "XamarinClient\XamarinClient.WinPhone\XamarinClient.WinPhone.csproj", "{118CC7E3-FFF8-4146-8D92-21CC77B53F4D}"
EndProject
Project("{FAE04EC0-301F-11D3-BF4B-00C04F79EFBC}") = "XamarinClient.UWP", "XamarinClient\XamarinClient.UWP\XamarinClient.UWP.csproj", "{8879928C-4697-4FE1-81AD-061A0372D621}"
EndProject
Project("{FAE04EC0-301F-11D3-BF4B-00C04F79EFBC}") = "XamarinClient.Windows", "XamarinClient\XamarinClient.Windows\XamarinClient.Windows.csproj", "{33BC8E04-91FF-41CF-849D-B820CF00E07E}"
EndProject
Project("{D954291E-2A0B-460D-934E-DC6B0785DB48}") = "XamarinClient", "XamarinClient\XamarinClient\XamarinClient.shproj", "{B003EDD0-48C1-42FB-84FB-E74A5833BA84}"
EndProject
Global
	GlobalSection(SharedMSBuildProjectFiles) = preSolution
		XamarinClient\XamarinClient\XamarinClient.projitems*{118cc7e3-fff8-4146-8d92-21cc77b53f4d}*SharedItemsImports = 4
		XamarinClient\XamarinClient\XamarinClient.projitems*{33bc8e04-91ff-41cf-849d-b820cf00e07e}*SharedItemsImports = 4
		XamarinClient\XamarinClient\XamarinClient.projitems*{8879928c-4697-4fe1-81ad-061a0372d621}*SharedItemsImports = 4
		XamarinClient\XamarinClient\XamarinClient.projitems*{b003edd0-48c1-42fb-84fb-e74a5833ba84}*SharedItemsImports = 13
		XamarinClient\XamarinClient\XamarinClient.projitems*{f36d9043-13f1-4e0b-87bf-b65b77d3b9c8}*SharedItemsImports = 4
		XamarinClient\XamarinClient\XamarinClient.projitems*{fc343b65-b4a3-4aba-a62b-08036d663c71}*SharedItemsImports = 4
	EndGlobalSection
	GlobalSection(SolutionConfigurationPlatforms) = preSolution
		Ad-Hoc|Any CPU = Ad-Hoc|Any CPU
		Ad-Hoc|ARM = Ad-Hoc|ARM
		Ad-Hoc|iPhone = Ad-Hoc|iPhone
		Ad-Hoc|iPhoneSimulator = Ad-Hoc|iPhoneSimulator
		Ad-Hoc|x64 = Ad-Hoc|x64
		Ad-Hoc|x86 = Ad-Hoc|x86
		AppStore|Any CPU = AppStore|Any CPU
		AppStore|ARM = AppStore|ARM
		AppStore|iPhone = AppStore|iPhone
		AppStore|iPhoneSimulator = AppStore|iPhoneSimulator
		AppStore|x64 = AppStore|x64
		AppStore|x86 = AppStore|x86
		Debug|Any CPU = Debug|Any CPU
		Debug|ARM = Debug|ARM
		Debug|iPhone = Debug|iPhone
		Debug|iPhoneSimulator = Debug|iPhoneSimulator
		Debug|x64 = Debug|x64
		Debug|x86 = Debug|x86
		Release|Any CPU = Release|Any CPU
		Release|ARM = Release|ARM
		Release|iPhone = Release|iPhone
		Release|iPhoneSimulator = Release|iPhoneSimulator
		Release|x64 = Release|x64
		Release|x86 = Release|x86
	EndGlobalSection
	GlobalSection(ProjectConfigurationPlatforms) = postSolution
		{DEF9B0D9-E94A-4CB2-BCA1-AD6B4C558BDE}.Ad-Hoc|Any CPU.ActiveCfg = Release|Any CPU
		{DEF9B0D9-E94A-4CB2-BCA1-AD6B4C558BDE}.Ad-Hoc|Any CPU.Build.0 = Release|Any CPU
		{DEF9B0D9-E94A-4CB2-BCA1-AD6B4C558BDE}.Ad-Hoc|ARM.ActiveCfg = Release|Any CPU
		{DEF9B0D9-E94A-4CB2-BCA1-AD6B4C558BDE}.Ad-Hoc|ARM.Build.0 = Release|Any CPU
		{DEF9B0D9-E94A-4CB2-BCA1-AD6B4C558BDE}.Ad-Hoc|iPhone.ActiveCfg = Release|Any CPU
		{DEF9B0D9-E94A-4CB2-BCA1-AD6B4C558BDE}.Ad-Hoc|iPhone.Build.0 = Release|Any CPU
		{DEF9B0D9-E94A-4CB2-BCA1-AD6B4C558BDE}.Ad-Hoc|iPhoneSimulator.ActiveCfg = Release|Any CPU
		{DEF9B0D9-E94A-4CB2-BCA1-AD6B4C558BDE}.Ad-Hoc|iPhoneSimulator.Build.0 = Release|Any CPU
		{DEF9B0D9-E94A-4CB2-BCA1-AD6B4C558BDE}.Ad-Hoc|x64.ActiveCfg = Release|Any CPU
		{DEF9B0D9-E94A-4CB2-BCA1-AD6B4C558BDE}.Ad-Hoc|x64.Build.0 = Release|Any CPU
		{DEF9B0D9-E94A-4CB2-BCA1-AD6B4C558BDE}.Ad-Hoc|x86.ActiveCfg = Release|Any CPU
		{DEF9B0D9-E94A-4CB2-BCA1-AD6B4C558BDE}.Ad-Hoc|x86.Build.0 = Release|Any CPU
		{DEF9B0D9-E94A-4CB2-BCA1-AD6B4C558BDE}.AppStore|Any CPU.ActiveCfg = Release|Any CPU
		{DEF9B0D9-E94A-4CB2-BCA1-AD6B4C558BDE}.AppStore|Any CPU.Build.0 = Release|Any CPU
		{DEF9B0D9-E94A-4CB2-BCA1-AD6B4C558BDE}.AppStore|ARM.ActiveCfg = Release|Any CPU
		{DEF9B0D9-E94A-4CB2-BCA1-AD6B4C558BDE}.AppStore|ARM.Build.0 = Release|Any CPU
		{DEF9B0D9-E94A-4CB2-BCA1-AD6B4C558BDE}.AppStore|iPhone.ActiveCfg = Release|Any CPU
		{DEF9B0D9-E94A-4CB2-BCA1-AD6B4C558BDE}.AppStore|iPhone.Build.0 = Release|Any CPU
		{DEF9B0D9-E94A-4CB2-BCA1-AD6B4C558BDE}.AppStore|iPhoneSimulator.ActiveCfg = Release|Any CPU
		{DEF9B0D9-E94A-4CB2-BCA1-AD6B4C558BDE}.AppStore|iPhoneSimulator.Build.0 = Release|Any CPU
		{DEF9B0D9-E94A-4CB2-BCA1-AD6B4C558BDE}.AppStore|x64.ActiveCfg = Release|Any CPU
		{DEF9B0D9-E94A-4CB2-BCA1-AD6B4C558BDE}.AppStore|x64.Build.0 = Release|Any CPU
		{DEF9B0D9-E94A-4CB2-BCA1-AD6B4C558BDE}.AppStore|x86.ActiveCfg = Release|Any CPU
		{DEF9B0D9-E94A-4CB2-BCA1-AD6B4C558BDE}.AppStore|x86.Build.0 = Release|Any CPU
		{DEF9B0D9-E94A-4CB2-BCA1-AD6B4C558BDE}.Debug|Any CPU.ActiveCfg = Debug|Any CPU
		{DEF9B0D9-E94A-4CB2-BCA1-AD6B4C558BDE}.Debug|Any CPU.Build.0 = Debug|Any CPU
		{DEF9B0D9-E94A-4CB2-BCA1-AD6B4C558BDE}.Debug|ARM.ActiveCfg = Debug|Any CPU
		{DEF9B0D9-E94A-4CB2-BCA1-AD6B4C558BDE}.Debug|ARM.Build.0 = Debug|Any CPU
		{DEF9B0D9-E94A-4CB2-BCA1-AD6B4C558BDE}.Debug|iPhone.ActiveCfg = Debug|Any CPU
		{DEF9B0D9-E94A-4CB2-BCA1-AD6B4C558BDE}.Debug|iPhone.Build.0 = Debug|Any CPU
		{DEF9B0D9-E94A-4CB2-BCA1-AD6B4C558BDE}.Debug|iPhoneSimulator.ActiveCfg = Debug|Any CPU
		{DEF9B0D9-E94A-4CB2-BCA1-AD6B4C558BDE}.Debug|iPhoneSimulator.Build.0 = Debug|Any CPU
		{DEF9B0D9-E94A-4CB2-BCA1-AD6B4C558BDE}.Debug|x64.ActiveCfg = Debug|Any CPU
		{DEF9B0D9-E94A-4CB2-BCA1-AD6B4C558BDE}.Debug|x64.Build.0 = Debug|Any CPU
		{DEF9B0D9-E94A-4CB2-BCA1-AD6B4C558BDE}.Debug|x86.ActiveCfg = Debug|Any CPU
		{DEF9B0D9-E94A-4CB2-BCA1-AD6B4C558BDE}.Debug|x86.Build.0 = Debug|Any CPU
		{DEF9B0D9-E94A-4CB2-BCA1-AD6B4C558BDE}.Release|Any CPU.ActiveCfg = Release|Any CPU
		{DEF9B0D9-E94A-4CB2-BCA1-AD6B4C558BDE}.Release|Any CPU.Build.0 = Release|Any CPU
		{DEF9B0D9-E94A-4CB2-BCA1-AD6B4C558BDE}.Release|ARM.ActiveCfg = Release|Any CPU
		{DEF9B0D9-E94A-4CB2-BCA1-AD6B4C558BDE}.Release|ARM.Build.0 = Release|Any CPU
		{DEF9B0D9-E94A-4CB2-BCA1-AD6B4C558BDE}.Release|iPhone.ActiveCfg = Release|Any CPU
		{DEF9B0D9-E94A-4CB2-BCA1-AD6B4C558BDE}.Release|iPhone.Build.0 = Release|Any CPU
		{DEF9B0D9-E94A-4CB2-BCA1-AD6B4C558BDE}.Release|iPhoneSimulator.ActiveCfg = Release|Any CPU
		{DEF9B0D9-E94A-4CB2-BCA1-AD6B4C558BDE}.Release|iPhoneSimulator.Build.0 = Release|Any CPU
		{DEF9B0D9-E94A-4CB2-BCA1-AD6B4C558BDE}.Release|x64.ActiveCfg = Release|Any CPU
		{DEF9B0D9-E94A-4CB2-BCA1-AD6B4C558BDE}.Release|x64.Build.0 = Release|Any CPU
		{DEF9B0D9-E94A-4CB2-BCA1-AD6B4C558BDE}.Release|x86.ActiveCfg = Release|Any CPU
		{DEF9B0D9-E94A-4CB2-BCA1-AD6B4C558BDE}.Release|x86.Build.0 = Release|Any CPU
		{9FBDD241-8741-4F60-99EB-024D710070DD}.Ad-Hoc|Any CPU.ActiveCfg = Release|x64
		{9FBDD241-8741-4F60-99EB-024D710070DD}.Ad-Hoc|Any CPU.Build.0 = Release|x64
		{9FBDD241-8741-4F60-99EB-024D710070DD}.Ad-Hoc|Any CPU.Deploy.0 = Release|x64
		{9FBDD241-8741-4F60-99EB-024D710070DD}.Ad-Hoc|ARM.ActiveCfg = Release|ARM
		{9FBDD241-8741-4F60-99EB-024D710070DD}.Ad-Hoc|ARM.Build.0 = Release|ARM
		{9FBDD241-8741-4F60-99EB-024D710070DD}.Ad-Hoc|ARM.Deploy.0 = Release|ARM
		{9FBDD241-8741-4F60-99EB-024D710070DD}.Ad-Hoc|iPhone.ActiveCfg = Release|x64
		{9FBDD241-8741-4F60-99EB-024D710070DD}.Ad-Hoc|iPhone.Build.0 = Release|x64
		{9FBDD241-8741-4F60-99EB-024D710070DD}.Ad-Hoc|iPhone.Deploy.0 = Release|x64
		{9FBDD241-8741-4F60-99EB-024D710070DD}.Ad-Hoc|iPhoneSimulator.ActiveCfg = Release|x64
		{9FBDD241-8741-4F60-99EB-024D710070DD}.Ad-Hoc|iPhoneSimulator.Build.0 = Release|x64
		{9FBDD241-8741-4F60-99EB-024D710070DD}.Ad-Hoc|iPhoneSimulator.Deploy.0 = Release|x64
		{9FBDD241-8741-4F60-99EB-024D710070DD}.Ad-Hoc|x64.ActiveCfg = Release|x64
		{9FBDD241-8741-4F60-99EB-024D710070DD}.Ad-Hoc|x64.Build.0 = Release|x64
		{9FBDD241-8741-4F60-99EB-024D710070DD}.Ad-Hoc|x64.Deploy.0 = Release|x64
		{9FBDD241-8741-4F60-99EB-024D710070DD}.Ad-Hoc|x86.ActiveCfg = Release|x86
		{9FBDD241-8741-4F60-99EB-024D710070DD}.Ad-Hoc|x86.Build.0 = Release|x86
		{9FBDD241-8741-4F60-99EB-024D710070DD}.Ad-Hoc|x86.Deploy.0 = Release|x86
		{9FBDD241-8741-4F60-99EB-024D710070DD}.AppStore|Any CPU.ActiveCfg = Release|x64
		{9FBDD241-8741-4F60-99EB-024D710070DD}.AppStore|Any CPU.Build.0 = Release|x64
		{9FBDD241-8741-4F60-99EB-024D710070DD}.AppStore|Any CPU.Deploy.0 = Release|x64
		{9FBDD241-8741-4F60-99EB-024D710070DD}.AppStore|ARM.ActiveCfg = Release|ARM
		{9FBDD241-8741-4F60-99EB-024D710070DD}.AppStore|ARM.Build.0 = Release|ARM
		{9FBDD241-8741-4F60-99EB-024D710070DD}.AppStore|ARM.Deploy.0 = Release|ARM
		{9FBDD241-8741-4F60-99EB-024D710070DD}.AppStore|iPhone.ActiveCfg = Release|x64
		{9FBDD241-8741-4F60-99EB-024D710070DD}.AppStore|iPhone.Build.0 = Release|x64
		{9FBDD241-8741-4F60-99EB-024D710070DD}.AppStore|iPhone.Deploy.0 = Release|x64
		{9FBDD241-8741-4F60-99EB-024D710070DD}.AppStore|iPhoneSimulator.ActiveCfg = Release|x64
		{9FBDD241-8741-4F60-99EB-024D710070DD}.AppStore|iPhoneSimulator.Build.0 = Release|x64
		{9FBDD241-8741-4F60-99EB-024D710070DD}.AppStore|iPhoneSimulator.Deploy.0 = Release|x64
		{9FBDD241-8741-4F60-99EB-024D710070DD}.AppStore|x64.ActiveCfg = Release|x64
		{9FBDD241-8741-4F60-99EB-024D710070DD}.AppStore|x64.Build.0 = Release|x64
		{9FBDD241-8741-4F60-99EB-024D710070DD}.AppStore|x64.Deploy.0 = Release|x64
		{9FBDD241-8741-4F60-99EB-024D710070DD}.AppStore|x86.ActiveCfg = Release|x86
		{9FBDD241-8741-4F60-99EB-024D710070DD}.AppStore|x86.Build.0 = Release|x86
		{9FBDD241-8741-4F60-99EB-024D710070DD}.AppStore|x86.Deploy.0 = Release|x86
		{9FBDD241-8741-4F60-99EB-024D710070DD}.Debug|Any CPU.ActiveCfg = Debug|x86
		{9FBDD241-8741-4F60-99EB-024D710070DD}.Debug|Any CPU.Build.0 = Debug|x86
		{9FBDD241-8741-4F60-99EB-024D710070DD}.Debug|Any CPU.Deploy.0 = Debug|x86
		{9FBDD241-8741-4F60-99EB-024D710070DD}.Debug|ARM.ActiveCfg = Debug|ARM
		{9FBDD241-8741-4F60-99EB-024D710070DD}.Debug|ARM.Build.0 = Debug|ARM
		{9FBDD241-8741-4F60-99EB-024D710070DD}.Debug|ARM.Deploy.0 = Debug|ARM
		{9FBDD241-8741-4F60-99EB-024D710070DD}.Debug|iPhone.ActiveCfg = Debug|x86
		{9FBDD241-8741-4F60-99EB-024D710070DD}.Debug|iPhoneSimulator.ActiveCfg = Debug|x86
		{9FBDD241-8741-4F60-99EB-024D710070DD}.Debug|x64.ActiveCfg = Debug|x64
		{9FBDD241-8741-4F60-99EB-024D710070DD}.Debug|x64.Build.0 = Debug|x64
		{9FBDD241-8741-4F60-99EB-024D710070DD}.Debug|x64.Deploy.0 = Debug|x64
		{9FBDD241-8741-4F60-99EB-024D710070DD}.Debug|x86.ActiveCfg = Debug|x86
		{9FBDD241-8741-4F60-99EB-024D710070DD}.Debug|x86.Build.0 = Debug|x86
		{9FBDD241-8741-4F60-99EB-024D710070DD}.Debug|x86.Deploy.0 = Debug|x86
		{9FBDD241-8741-4F60-99EB-024D710070DD}.Release|Any CPU.ActiveCfg = Release|x86
		{9FBDD241-8741-4F60-99EB-024D710070DD}.Release|ARM.ActiveCfg = Release|ARM
		{9FBDD241-8741-4F60-99EB-024D710070DD}.Release|ARM.Build.0 = Release|ARM
		{9FBDD241-8741-4F60-99EB-024D710070DD}.Release|ARM.Deploy.0 = Release|ARM
		{9FBDD241-8741-4F60-99EB-024D710070DD}.Release|iPhone.ActiveCfg = Release|x86
		{9FBDD241-8741-4F60-99EB-024D710070DD}.Release|iPhoneSimulator.ActiveCfg = Release|x86
		{9FBDD241-8741-4F60-99EB-024D710070DD}.Release|x64.ActiveCfg = Release|x64
		{9FBDD241-8741-4F60-99EB-024D710070DD}.Release|x64.Build.0 = Release|x64
		{9FBDD241-8741-4F60-99EB-024D710070DD}.Release|x64.Deploy.0 = Release|x64
		{9FBDD241-8741-4F60-99EB-024D710070DD}.Release|x86.ActiveCfg = Release|x86
		{9FBDD241-8741-4F60-99EB-024D710070DD}.Release|x86.Build.0 = Release|x86
		{9FBDD241-8741-4F60-99EB-024D710070DD}.Release|x86.Deploy.0 = Release|x86
		{F36D9043-13F1-4E0B-87BF-B65B77D3B9C8}.Ad-Hoc|Any CPU.ActiveCfg = Release|Any CPU
		{F36D9043-13F1-4E0B-87BF-B65B77D3B9C8}.Ad-Hoc|Any CPU.Build.0 = Release|Any CPU
		{F36D9043-13F1-4E0B-87BF-B65B77D3B9C8}.Ad-Hoc|Any CPU.Deploy.0 = Release|Any CPU
		{F36D9043-13F1-4E0B-87BF-B65B77D3B9C8}.Ad-Hoc|ARM.ActiveCfg = Release|Any CPU
		{F36D9043-13F1-4E0B-87BF-B65B77D3B9C8}.Ad-Hoc|ARM.Build.0 = Release|Any CPU
		{F36D9043-13F1-4E0B-87BF-B65B77D3B9C8}.Ad-Hoc|ARM.Deploy.0 = Release|Any CPU
		{F36D9043-13F1-4E0B-87BF-B65B77D3B9C8}.Ad-Hoc|iPhone.ActiveCfg = Release|Any CPU
		{F36D9043-13F1-4E0B-87BF-B65B77D3B9C8}.Ad-Hoc|iPhone.Build.0 = Release|Any CPU
		{F36D9043-13F1-4E0B-87BF-B65B77D3B9C8}.Ad-Hoc|iPhone.Deploy.0 = Release|Any CPU
		{F36D9043-13F1-4E0B-87BF-B65B77D3B9C8}.Ad-Hoc|iPhoneSimulator.ActiveCfg = Release|Any CPU
		{F36D9043-13F1-4E0B-87BF-B65B77D3B9C8}.Ad-Hoc|iPhoneSimulator.Build.0 = Release|Any CPU
		{F36D9043-13F1-4E0B-87BF-B65B77D3B9C8}.Ad-Hoc|iPhoneSimulator.Deploy.0 = Release|Any CPU
		{F36D9043-13F1-4E0B-87BF-B65B77D3B9C8}.Ad-Hoc|x64.ActiveCfg = Release|Any CPU
		{F36D9043-13F1-4E0B-87BF-B65B77D3B9C8}.Ad-Hoc|x64.Build.0 = Release|Any CPU
		{F36D9043-13F1-4E0B-87BF-B65B77D3B9C8}.Ad-Hoc|x64.Deploy.0 = Release|Any CPU
		{F36D9043-13F1-4E0B-87BF-B65B77D3B9C8}.Ad-Hoc|x86.ActiveCfg = Release|Any CPU
		{F36D9043-13F1-4E0B-87BF-B65B77D3B9C8}.Ad-Hoc|x86.Build.0 = Release|Any CPU
		{F36D9043-13F1-4E0B-87BF-B65B77D3B9C8}.Ad-Hoc|x86.Deploy.0 = Release|Any CPU
		{F36D9043-13F1-4E0B-87BF-B65B77D3B9C8}.AppStore|Any CPU.ActiveCfg = Release|Any CPU
		{F36D9043-13F1-4E0B-87BF-B65B77D3B9C8}.AppStore|Any CPU.Build.0 = Release|Any CPU
		{F36D9043-13F1-4E0B-87BF-B65B77D3B9C8}.AppStore|Any CPU.Deploy.0 = Release|Any CPU
		{F36D9043-13F1-4E0B-87BF-B65B77D3B9C8}.AppStore|ARM.ActiveCfg = Release|Any CPU
		{F36D9043-13F1-4E0B-87BF-B65B77D3B9C8}.AppStore|ARM.Build.0 = Release|Any CPU
		{F36D9043-13F1-4E0B-87BF-B65B77D3B9C8}.AppStore|ARM.Deploy.0 = Release|Any CPU
		{F36D9043-13F1-4E0B-87BF-B65B77D3B9C8}.AppStore|iPhone.ActiveCfg = Release|Any CPU
		{F36D9043-13F1-4E0B-87BF-B65B77D3B9C8}.AppStore|iPhone.Build.0 = Release|Any CPU
		{F36D9043-13F1-4E0B-87BF-B65B77D3B9C8}.AppStore|iPhone.Deploy.0 = Release|Any CPU
		{F36D9043-13F1-4E0B-87BF-B65B77D3B9C8}.AppStore|iPhoneSimulator.ActiveCfg = Release|Any CPU
		{F36D9043-13F1-4E0B-87BF-B65B77D3B9C8}.AppStore|iPhoneSimulator.Build.0 = Release|Any CPU
		{F36D9043-13F1-4E0B-87BF-B65B77D3B9C8}.AppStore|iPhoneSimulator.Deploy.0 = Release|Any CPU
		{F36D9043-13F1-4E0B-87BF-B65B77D3B9C8}.AppStore|x64.ActiveCfg = Release|Any CPU
		{F36D9043-13F1-4E0B-87BF-B65B77D3B9C8}.AppStore|x64.Build.0 = Release|Any CPU
		{F36D9043-13F1-4E0B-87BF-B65B77D3B9C8}.AppStore|x64.Deploy.0 = Release|Any CPU
		{F36D9043-13F1-4E0B-87BF-B65B77D3B9C8}.AppStore|x86.ActiveCfg = Release|Any CPU
		{F36D9043-13F1-4E0B-87BF-B65B77D3B9C8}.AppStore|x86.Build.0 = Release|Any CPU
		{F36D9043-13F1-4E0B-87BF-B65B77D3B9C8}.AppStore|x86.Deploy.0 = Release|Any CPU
		{F36D9043-13F1-4E0B-87BF-B65B77D3B9C8}.Debug|Any CPU.ActiveCfg = Debug|Any CPU
		{F36D9043-13F1-4E0B-87BF-B65B77D3B9C8}.Debug|ARM.ActiveCfg = Debug|Any CPU
		{F36D9043-13F1-4E0B-87BF-B65B77D3B9C8}.Debug|ARM.Build.0 = Debug|Any CPU
		{F36D9043-13F1-4E0B-87BF-B65B77D3B9C8}.Debug|ARM.Deploy.0 = Debug|Any CPU
		{F36D9043-13F1-4E0B-87BF-B65B77D3B9C8}.Debug|iPhone.ActiveCfg = Debug|Any CPU
		{F36D9043-13F1-4E0B-87BF-B65B77D3B9C8}.Debug|iPhone.Build.0 = Debug|Any CPU
		{F36D9043-13F1-4E0B-87BF-B65B77D3B9C8}.Debug|iPhone.Deploy.0 = Debug|Any CPU
		{F36D9043-13F1-4E0B-87BF-B65B77D3B9C8}.Debug|iPhoneSimulator.ActiveCfg = Debug|Any CPU
		{F36D9043-13F1-4E0B-87BF-B65B77D3B9C8}.Debug|iPhoneSimulator.Build.0 = Debug|Any CPU
		{F36D9043-13F1-4E0B-87BF-B65B77D3B9C8}.Debug|iPhoneSimulator.Deploy.0 = Debug|Any CPU
		{F36D9043-13F1-4E0B-87BF-B65B77D3B9C8}.Debug|x64.ActiveCfg = Debug|Any CPU
		{F36D9043-13F1-4E0B-87BF-B65B77D3B9C8}.Debug|x64.Build.0 = Debug|Any CPU
		{F36D9043-13F1-4E0B-87BF-B65B77D3B9C8}.Debug|x64.Deploy.0 = Debug|Any CPU
		{F36D9043-13F1-4E0B-87BF-B65B77D3B9C8}.Debug|x86.ActiveCfg = Debug|Any CPU
		{F36D9043-13F1-4E0B-87BF-B65B77D3B9C8}.Debug|x86.Build.0 = Debug|Any CPU
		{F36D9043-13F1-4E0B-87BF-B65B77D3B9C8}.Debug|x86.Deploy.0 = Debug|Any CPU
		{F36D9043-13F1-4E0B-87BF-B65B77D3B9C8}.Release|Any CPU.ActiveCfg = Release|Any CPU
		{F36D9043-13F1-4E0B-87BF-B65B77D3B9C8}.Release|Any CPU.Build.0 = Release|Any CPU
		{F36D9043-13F1-4E0B-87BF-B65B77D3B9C8}.Release|Any CPU.Deploy.0 = Release|Any CPU
		{F36D9043-13F1-4E0B-87BF-B65B77D3B9C8}.Release|ARM.ActiveCfg = Release|Any CPU
		{F36D9043-13F1-4E0B-87BF-B65B77D3B9C8}.Release|ARM.Build.0 = Release|Any CPU
		{F36D9043-13F1-4E0B-87BF-B65B77D3B9C8}.Release|ARM.Deploy.0 = Release|Any CPU
		{F36D9043-13F1-4E0B-87BF-B65B77D3B9C8}.Release|iPhone.ActiveCfg = Release|Any CPU
		{F36D9043-13F1-4E0B-87BF-B65B77D3B9C8}.Release|iPhone.Build.0 = Release|Any CPU
		{F36D9043-13F1-4E0B-87BF-B65B77D3B9C8}.Release|iPhone.Deploy.0 = Release|Any CPU
		{F36D9043-13F1-4E0B-87BF-B65B77D3B9C8}.Release|iPhoneSimulator.ActiveCfg = Release|Any CPU
		{F36D9043-13F1-4E0B-87BF-B65B77D3B9C8}.Release|iPhoneSimulator.Build.0 = Release|Any CPU
		{F36D9043-13F1-4E0B-87BF-B65B77D3B9C8}.Release|iPhoneSimulator.Deploy.0 = Release|Any CPU
		{F36D9043-13F1-4E0B-87BF-B65B77D3B9C8}.Release|x64.ActiveCfg = Release|Any CPU
		{F36D9043-13F1-4E0B-87BF-B65B77D3B9C8}.Release|x64.Build.0 = Release|Any CPU
		{F36D9043-13F1-4E0B-87BF-B65B77D3B9C8}.Release|x64.Deploy.0 = Release|Any CPU
		{F36D9043-13F1-4E0B-87BF-B65B77D3B9C8}.Release|x86.ActiveCfg = Release|Any CPU
		{F36D9043-13F1-4E0B-87BF-B65B77D3B9C8}.Release|x86.Build.0 = Release|Any CPU
		{F36D9043-13F1-4E0B-87BF-B65B77D3B9C8}.Release|x86.Deploy.0 = Release|Any CPU
		{FC343B65-B4A3-4ABA-A62B-08036D663C71}.Ad-Hoc|Any CPU.ActiveCfg = Ad-Hoc|iPhone
		{FC343B65-B4A3-4ABA-A62B-08036D663C71}.Ad-Hoc|ARM.ActiveCfg = Ad-Hoc|iPhone
		{FC343B65-B4A3-4ABA-A62B-08036D663C71}.Ad-Hoc|iPhone.ActiveCfg = Ad-Hoc|iPhone
		{FC343B65-B4A3-4ABA-A62B-08036D663C71}.Ad-Hoc|iPhone.Build.0 = Ad-Hoc|iPhone
		{FC343B65-B4A3-4ABA-A62B-08036D663C71}.Ad-Hoc|iPhoneSimulator.ActiveCfg = Ad-Hoc|iPhoneSimulator
		{FC343B65-B4A3-4ABA-A62B-08036D663C71}.Ad-Hoc|iPhoneSimulator.Build.0 = Ad-Hoc|iPhoneSimulator
		{FC343B65-B4A3-4ABA-A62B-08036D663C71}.Ad-Hoc|x64.ActiveCfg = Ad-Hoc|iPhone
		{FC343B65-B4A3-4ABA-A62B-08036D663C71}.Ad-Hoc|x86.ActiveCfg = Ad-Hoc|iPhone
		{FC343B65-B4A3-4ABA-A62B-08036D663C71}.AppStore|Any CPU.ActiveCfg = AppStore|iPhone
		{FC343B65-B4A3-4ABA-A62B-08036D663C71}.AppStore|ARM.ActiveCfg = AppStore|iPhone
		{FC343B65-B4A3-4ABA-A62B-08036D663C71}.AppStore|iPhone.ActiveCfg = AppStore|iPhone
		{FC343B65-B4A3-4ABA-A62B-08036D663C71}.AppStore|iPhone.Build.0 = AppStore|iPhone
		{FC343B65-B4A3-4ABA-A62B-08036D663C71}.AppStore|iPhoneSimulator.ActiveCfg = AppStore|iPhoneSimulator
		{FC343B65-B4A3-4ABA-A62B-08036D663C71}.AppStore|iPhoneSimulator.Build.0 = AppStore|iPhoneSimulator
		{FC343B65-B4A3-4ABA-A62B-08036D663C71}.AppStore|x64.ActiveCfg = AppStore|iPhone
		{FC343B65-B4A3-4ABA-A62B-08036D663C71}.AppStore|x86.ActiveCfg = AppStore|iPhone
		{FC343B65-B4A3-4ABA-A62B-08036D663C71}.Debug|Any CPU.ActiveCfg = Debug|iPhone
		{FC343B65-B4A3-4ABA-A62B-08036D663C71}.Debug|ARM.ActiveCfg = Debug|iPhone
		{FC343B65-B4A3-4ABA-A62B-08036D663C71}.Debug|iPhone.ActiveCfg = Debug|iPhone
		{FC343B65-B4A3-4ABA-A62B-08036D663C71}.Debug|iPhone.Build.0 = Debug|iPhone
		{FC343B65-B4A3-4ABA-A62B-08036D663C71}.Debug|iPhoneSimulator.ActiveCfg = Debug|iPhoneSimulator
		{FC343B65-B4A3-4ABA-A62B-08036D663C71}.Debug|iPhoneSimulator.Build.0 = Debug|iPhoneSimulator
		{FC343B65-B4A3-4ABA-A62B-08036D663C71}.Debug|x64.ActiveCfg = Debug|iPhone
		{FC343B65-B4A3-4ABA-A62B-08036D663C71}.Debug|x86.ActiveCfg = Debug|iPhone
		{FC343B65-B4A3-4ABA-A62B-08036D663C71}.Release|Any CPU.ActiveCfg = Release|iPhone
		{FC343B65-B4A3-4ABA-A62B-08036D663C71}.Release|ARM.ActiveCfg = Release|iPhone
		{FC343B65-B4A3-4ABA-A62B-08036D663C71}.Release|iPhone.ActiveCfg = Release|iPhone
		{FC343B65-B4A3-4ABA-A62B-08036D663C71}.Release|iPhone.Build.0 = Release|iPhone
		{FC343B65-B4A3-4ABA-A62B-08036D663C71}.Release|iPhoneSimulator.ActiveCfg = Release|iPhoneSimulator
		{FC343B65-B4A3-4ABA-A62B-08036D663C71}.Release|iPhoneSimulator.Build.0 = Release|iPhoneSimulator
		{FC343B65-B4A3-4ABA-A62B-08036D663C71}.Release|x64.ActiveCfg = Release|iPhone
		{FC343B65-B4A3-4ABA-A62B-08036D663C71}.Release|x86.ActiveCfg = Release|iPhone
		{118CC7E3-FFF8-4146-8D92-21CC77B53F4D}.Ad-Hoc|Any CPU.ActiveCfg = Release|Any CPU
		{118CC7E3-FFF8-4146-8D92-21CC77B53F4D}.Ad-Hoc|Any CPU.Build.0 = Release|Any CPU
		{118CC7E3-FFF8-4146-8D92-21CC77B53F4D}.Ad-Hoc|Any CPU.Deploy.0 = Release|Any CPU
		{118CC7E3-FFF8-4146-8D92-21CC77B53F4D}.Ad-Hoc|ARM.ActiveCfg = Release|ARM
		{118CC7E3-FFF8-4146-8D92-21CC77B53F4D}.Ad-Hoc|ARM.Build.0 = Release|ARM
		{118CC7E3-FFF8-4146-8D92-21CC77B53F4D}.Ad-Hoc|ARM.Deploy.0 = Release|ARM
		{118CC7E3-FFF8-4146-8D92-21CC77B53F4D}.Ad-Hoc|iPhone.ActiveCfg = Release|Any CPU
		{118CC7E3-FFF8-4146-8D92-21CC77B53F4D}.Ad-Hoc|iPhone.Build.0 = Release|Any CPU
		{118CC7E3-FFF8-4146-8D92-21CC77B53F4D}.Ad-Hoc|iPhone.Deploy.0 = Release|Any CPU
		{118CC7E3-FFF8-4146-8D92-21CC77B53F4D}.Ad-Hoc|iPhoneSimulator.ActiveCfg = Release|Any CPU
		{118CC7E3-FFF8-4146-8D92-21CC77B53F4D}.Ad-Hoc|iPhoneSimulator.Build.0 = Release|Any CPU
		{118CC7E3-FFF8-4146-8D92-21CC77B53F4D}.Ad-Hoc|iPhoneSimulator.Deploy.0 = Release|Any CPU
		{118CC7E3-FFF8-4146-8D92-21CC77B53F4D}.Ad-Hoc|x64.ActiveCfg = Release|Any CPU
		{118CC7E3-FFF8-4146-8D92-21CC77B53F4D}.Ad-Hoc|x64.Build.0 = Release|Any CPU
		{118CC7E3-FFF8-4146-8D92-21CC77B53F4D}.Ad-Hoc|x64.Deploy.0 = Release|Any CPU
		{118CC7E3-FFF8-4146-8D92-21CC77B53F4D}.Ad-Hoc|x86.ActiveCfg = Release|x86
		{118CC7E3-FFF8-4146-8D92-21CC77B53F4D}.Ad-Hoc|x86.Build.0 = Release|x86
		{118CC7E3-FFF8-4146-8D92-21CC77B53F4D}.Ad-Hoc|x86.Deploy.0 = Release|x86
		{118CC7E3-FFF8-4146-8D92-21CC77B53F4D}.AppStore|Any CPU.ActiveCfg = Release|Any CPU
		{118CC7E3-FFF8-4146-8D92-21CC77B53F4D}.AppStore|Any CPU.Build.0 = Release|Any CPU
		{118CC7E3-FFF8-4146-8D92-21CC77B53F4D}.AppStore|Any CPU.Deploy.0 = Release|Any CPU
		{118CC7E3-FFF8-4146-8D92-21CC77B53F4D}.AppStore|ARM.ActiveCfg = Release|ARM
		{118CC7E3-FFF8-4146-8D92-21CC77B53F4D}.AppStore|ARM.Build.0 = Release|ARM
		{118CC7E3-FFF8-4146-8D92-21CC77B53F4D}.AppStore|ARM.Deploy.0 = Release|ARM
		{118CC7E3-FFF8-4146-8D92-21CC77B53F4D}.AppStore|iPhone.ActiveCfg = Release|Any CPU
		{118CC7E3-FFF8-4146-8D92-21CC77B53F4D}.AppStore|iPhone.Build.0 = Release|Any CPU
		{118CC7E3-FFF8-4146-8D92-21CC77B53F4D}.AppStore|iPhone.Deploy.0 = Release|Any CPU
		{118CC7E3-FFF8-4146-8D92-21CC77B53F4D}.AppStore|iPhoneSimulator.ActiveCfg = Release|Any CPU
		{118CC7E3-FFF8-4146-8D92-21CC77B53F4D}.AppStore|iPhoneSimulator.Build.0 = Release|Any CPU
		{118CC7E3-FFF8-4146-8D92-21CC77B53F4D}.AppStore|iPhoneSimulator.Deploy.0 = Release|Any CPU
		{118CC7E3-FFF8-4146-8D92-21CC77B53F4D}.AppStore|x64.ActiveCfg = Release|Any CPU
		{118CC7E3-FFF8-4146-8D92-21CC77B53F4D}.AppStore|x64.Build.0 = Release|Any CPU
		{118CC7E3-FFF8-4146-8D92-21CC77B53F4D}.AppStore|x64.Deploy.0 = Release|Any CPU
		{118CC7E3-FFF8-4146-8D92-21CC77B53F4D}.AppStore|x86.ActiveCfg = Release|x86
		{118CC7E3-FFF8-4146-8D92-21CC77B53F4D}.AppStore|x86.Build.0 = Release|x86
		{118CC7E3-FFF8-4146-8D92-21CC77B53F4D}.AppStore|x86.Deploy.0 = Release|x86
		{118CC7E3-FFF8-4146-8D92-21CC77B53F4D}.Debug|Any CPU.ActiveCfg = Debug|Any CPU
		{118CC7E3-FFF8-4146-8D92-21CC77B53F4D}.Debug|ARM.ActiveCfg = Debug|ARM
		{118CC7E3-FFF8-4146-8D92-21CC77B53F4D}.Debug|ARM.Build.0 = Debug|ARM
		{118CC7E3-FFF8-4146-8D92-21CC77B53F4D}.Debug|ARM.Deploy.0 = Debug|ARM
		{118CC7E3-FFF8-4146-8D92-21CC77B53F4D}.Debug|iPhone.ActiveCfg = Debug|Any CPU
		{118CC7E3-FFF8-4146-8D92-21CC77B53F4D}.Debug|iPhone.Build.0 = Debug|Any CPU
		{118CC7E3-FFF8-4146-8D92-21CC77B53F4D}.Debug|iPhone.Deploy.0 = Debug|Any CPU
		{118CC7E3-FFF8-4146-8D92-21CC77B53F4D}.Debug|iPhoneSimulator.ActiveCfg = Debug|Any CPU
		{118CC7E3-FFF8-4146-8D92-21CC77B53F4D}.Debug|iPhoneSimulator.Build.0 = Debug|Any CPU
		{118CC7E3-FFF8-4146-8D92-21CC77B53F4D}.Debug|iPhoneSimulator.Deploy.0 = Debug|Any CPU
		{118CC7E3-FFF8-4146-8D92-21CC77B53F4D}.Debug|x64.ActiveCfg = Debug|Any CPU
		{118CC7E3-FFF8-4146-8D92-21CC77B53F4D}.Debug|x64.Build.0 = Debug|Any CPU
		{118CC7E3-FFF8-4146-8D92-21CC77B53F4D}.Debug|x64.Deploy.0 = Debug|Any CPU
		{118CC7E3-FFF8-4146-8D92-21CC77B53F4D}.Debug|x86.ActiveCfg = Debug|x86
		{118CC7E3-FFF8-4146-8D92-21CC77B53F4D}.Debug|x86.Build.0 = Debug|x86
		{118CC7E3-FFF8-4146-8D92-21CC77B53F4D}.Debug|x86.Deploy.0 = Debug|x86
		{118CC7E3-FFF8-4146-8D92-21CC77B53F4D}.Release|Any CPU.ActiveCfg = Release|Any CPU
		{118CC7E3-FFF8-4146-8D92-21CC77B53F4D}.Release|Any CPU.Build.0 = Release|Any CPU
		{118CC7E3-FFF8-4146-8D92-21CC77B53F4D}.Release|Any CPU.Deploy.0 = Release|Any CPU
		{118CC7E3-FFF8-4146-8D92-21CC77B53F4D}.Release|ARM.ActiveCfg = Release|ARM
		{118CC7E3-FFF8-4146-8D92-21CC77B53F4D}.Release|ARM.Build.0 = Release|ARM
		{118CC7E3-FFF8-4146-8D92-21CC77B53F4D}.Release|ARM.Deploy.0 = Release|ARM
		{118CC7E3-FFF8-4146-8D92-21CC77B53F4D}.Release|iPhone.ActiveCfg = Release|Any CPU
		{118CC7E3-FFF8-4146-8D92-21CC77B53F4D}.Release|iPhone.Build.0 = Release|Any CPU
		{118CC7E3-FFF8-4146-8D92-21CC77B53F4D}.Release|iPhone.Deploy.0 = Release|Any CPU
		{118CC7E3-FFF8-4146-8D92-21CC77B53F4D}.Release|iPhoneSimulator.ActiveCfg = Release|Any CPU
		{118CC7E3-FFF8-4146-8D92-21CC77B53F4D}.Release|iPhoneSimulator.Build.0 = Release|Any CPU
		{118CC7E3-FFF8-4146-8D92-21CC77B53F4D}.Release|iPhoneSimulator.Deploy.0 = Release|Any CPU
		{118CC7E3-FFF8-4146-8D92-21CC77B53F4D}.Release|x64.ActiveCfg = Release|Any CPU
		{118CC7E3-FFF8-4146-8D92-21CC77B53F4D}.Release|x64.Build.0 = Release|Any CPU
		{118CC7E3-FFF8-4146-8D92-21CC77B53F4D}.Release|x64.Deploy.0 = Release|Any CPU
		{118CC7E3-FFF8-4146-8D92-21CC77B53F4D}.Release|x86.ActiveCfg = Release|x86
		{118CC7E3-FFF8-4146-8D92-21CC77B53F4D}.Release|x86.Build.0 = Release|x86
		{118CC7E3-FFF8-4146-8D92-21CC77B53F4D}.Release|x86.Deploy.0 = Release|x86
		{8879928C-4697-4FE1-81AD-061A0372D621}.Ad-Hoc|Any CPU.ActiveCfg = Release|x86
		{8879928C-4697-4FE1-81AD-061A0372D621}.Ad-Hoc|Any CPU.Build.0 = Release|x86
		{8879928C-4697-4FE1-81AD-061A0372D621}.Ad-Hoc|Any CPU.Deploy.0 = Release|x86
		{8879928C-4697-4FE1-81AD-061A0372D621}.Ad-Hoc|ARM.ActiveCfg = Release|ARM
		{8879928C-4697-4FE1-81AD-061A0372D621}.Ad-Hoc|ARM.Build.0 = Release|ARM
		{8879928C-4697-4FE1-81AD-061A0372D621}.Ad-Hoc|ARM.Deploy.0 = Release|ARM
		{8879928C-4697-4FE1-81AD-061A0372D621}.Ad-Hoc|iPhone.ActiveCfg = Release|x86
		{8879928C-4697-4FE1-81AD-061A0372D621}.Ad-Hoc|iPhone.Build.0 = Release|x86
		{8879928C-4697-4FE1-81AD-061A0372D621}.Ad-Hoc|iPhone.Deploy.0 = Release|x86
		{8879928C-4697-4FE1-81AD-061A0372D621}.Ad-Hoc|iPhoneSimulator.ActiveCfg = Release|x86
		{8879928C-4697-4FE1-81AD-061A0372D621}.Ad-Hoc|iPhoneSimulator.Build.0 = Release|x86
		{8879928C-4697-4FE1-81AD-061A0372D621}.Ad-Hoc|iPhoneSimulator.Deploy.0 = Release|x86
		{8879928C-4697-4FE1-81AD-061A0372D621}.Ad-Hoc|x64.ActiveCfg = Release|x64
		{8879928C-4697-4FE1-81AD-061A0372D621}.Ad-Hoc|x64.Build.0 = Release|x64
		{8879928C-4697-4FE1-81AD-061A0372D621}.Ad-Hoc|x64.Deploy.0 = Release|x64
		{8879928C-4697-4FE1-81AD-061A0372D621}.Ad-Hoc|x86.ActiveCfg = Release|x86
		{8879928C-4697-4FE1-81AD-061A0372D621}.Ad-Hoc|x86.Build.0 = Release|x86
		{8879928C-4697-4FE1-81AD-061A0372D621}.Ad-Hoc|x86.Deploy.0 = Release|x86
		{8879928C-4697-4FE1-81AD-061A0372D621}.AppStore|Any CPU.ActiveCfg = Release|x86
		{8879928C-4697-4FE1-81AD-061A0372D621}.AppStore|Any CPU.Build.0 = Release|x86
		{8879928C-4697-4FE1-81AD-061A0372D621}.AppStore|Any CPU.Deploy.0 = Release|x86
		{8879928C-4697-4FE1-81AD-061A0372D621}.AppStore|ARM.ActiveCfg = Release|ARM
		{8879928C-4697-4FE1-81AD-061A0372D621}.AppStore|ARM.Build.0 = Release|ARM
		{8879928C-4697-4FE1-81AD-061A0372D621}.AppStore|ARM.Deploy.0 = Release|ARM
		{8879928C-4697-4FE1-81AD-061A0372D621}.AppStore|iPhone.ActiveCfg = Release|x86
		{8879928C-4697-4FE1-81AD-061A0372D621}.AppStore|iPhone.Build.0 = Release|x86
		{8879928C-4697-4FE1-81AD-061A0372D621}.AppStore|iPhone.Deploy.0 = Release|x86
		{8879928C-4697-4FE1-81AD-061A0372D621}.AppStore|iPhoneSimulator.ActiveCfg = Release|x86
		{8879928C-4697-4FE1-81AD-061A0372D621}.AppStore|iPhoneSimulator.Build.0 = Release|x86
		{8879928C-4697-4FE1-81AD-061A0372D621}.AppStore|iPhoneSimulator.Deploy.0 = Release|x86
		{8879928C-4697-4FE1-81AD-061A0372D621}.AppStore|x64.ActiveCfg = Release|x64
		{8879928C-4697-4FE1-81AD-061A0372D621}.AppStore|x64.Build.0 = Release|x64
		{8879928C-4697-4FE1-81AD-061A0372D621}.AppStore|x64.Deploy.0 = Release|x64
		{8879928C-4697-4FE1-81AD-061A0372D621}.AppStore|x86.ActiveCfg = Release|x86
		{8879928C-4697-4FE1-81AD-061A0372D621}.AppStore|x86.Build.0 = Release|x86
		{8879928C-4697-4FE1-81AD-061A0372D621}.AppStore|x86.Deploy.0 = Release|x86
		{8879928C-4697-4FE1-81AD-061A0372D621}.Debug|Any CPU.ActiveCfg = Debug|x86
		{8879928C-4697-4FE1-81AD-061A0372D621}.Debug|Any CPU.Build.0 = Debug|x86
		{8879928C-4697-4FE1-81AD-061A0372D621}.Debug|Any CPU.Deploy.0 = Debug|x86
		{8879928C-4697-4FE1-81AD-061A0372D621}.Debug|ARM.ActiveCfg = Debug|ARM
		{8879928C-4697-4FE1-81AD-061A0372D621}.Debug|ARM.Build.0 = Debug|ARM
		{8879928C-4697-4FE1-81AD-061A0372D621}.Debug|ARM.Deploy.0 = Debug|ARM
		{8879928C-4697-4FE1-81AD-061A0372D621}.Debug|iPhone.ActiveCfg = Debug|x86
		{8879928C-4697-4FE1-81AD-061A0372D621}.Debug|iPhoneSimulator.ActiveCfg = Debug|x86
		{8879928C-4697-4FE1-81AD-061A0372D621}.Debug|x64.ActiveCfg = Debug|x64
		{8879928C-4697-4FE1-81AD-061A0372D621}.Debug|x64.Build.0 = Debug|x64
		{8879928C-4697-4FE1-81AD-061A0372D621}.Debug|x64.Deploy.0 = Debug|x64
		{8879928C-4697-4FE1-81AD-061A0372D621}.Debug|x86.ActiveCfg = Debug|x86
		{8879928C-4697-4FE1-81AD-061A0372D621}.Debug|x86.Build.0 = Debug|x86
		{8879928C-4697-4FE1-81AD-061A0372D621}.Debug|x86.Deploy.0 = Debug|x86
		{8879928C-4697-4FE1-81AD-061A0372D621}.Release|Any CPU.ActiveCfg = Release|x86
		{8879928C-4697-4FE1-81AD-061A0372D621}.Release|ARM.ActiveCfg = Release|ARM
		{8879928C-4697-4FE1-81AD-061A0372D621}.Release|ARM.Build.0 = Release|ARM
		{8879928C-4697-4FE1-81AD-061A0372D621}.Release|ARM.Deploy.0 = Release|ARM
		{8879928C-4697-4FE1-81AD-061A0372D621}.Release|iPhone.ActiveCfg = Release|x86
		{8879928C-4697-4FE1-81AD-061A0372D621}.Release|iPhoneSimulator.ActiveCfg = Release|x86
		{8879928C-4697-4FE1-81AD-061A0372D621}.Release|x64.ActiveCfg = Release|x64
		{8879928C-4697-4FE1-81AD-061A0372D621}.Release|x64.Build.0 = Release|x64
		{8879928C-4697-4FE1-81AD-061A0372D621}.Release|x64.Deploy.0 = Release|x64
		{8879928C-4697-4FE1-81AD-061A0372D621}.Release|x86.ActiveCfg = Release|x86
		{8879928C-4697-4FE1-81AD-061A0372D621}.Release|x86.Build.0 = Release|x86
		{8879928C-4697-4FE1-81AD-061A0372D621}.Release|x86.Deploy.0 = Release|x86
		{33BC8E04-91FF-41CF-849D-B820CF00E07E}.Ad-Hoc|Any CPU.ActiveCfg = Release|Any CPU
		{33BC8E04-91FF-41CF-849D-B820CF00E07E}.Ad-Hoc|Any CPU.Build.0 = Release|Any CPU
		{33BC8E04-91FF-41CF-849D-B820CF00E07E}.Ad-Hoc|Any CPU.Deploy.0 = Release|Any CPU
		{33BC8E04-91FF-41CF-849D-B820CF00E07E}.Ad-Hoc|ARM.ActiveCfg = Release|ARM
		{33BC8E04-91FF-41CF-849D-B820CF00E07E}.Ad-Hoc|ARM.Build.0 = Release|ARM
		{33BC8E04-91FF-41CF-849D-B820CF00E07E}.Ad-Hoc|ARM.Deploy.0 = Release|ARM
		{33BC8E04-91FF-41CF-849D-B820CF00E07E}.Ad-Hoc|iPhone.ActiveCfg = Release|Any CPU
		{33BC8E04-91FF-41CF-849D-B820CF00E07E}.Ad-Hoc|iPhone.Build.0 = Release|Any CPU
		{33BC8E04-91FF-41CF-849D-B820CF00E07E}.Ad-Hoc|iPhone.Deploy.0 = Release|Any CPU
		{33BC8E04-91FF-41CF-849D-B820CF00E07E}.Ad-Hoc|iPhoneSimulator.ActiveCfg = Release|Any CPU
		{33BC8E04-91FF-41CF-849D-B820CF00E07E}.Ad-Hoc|iPhoneSimulator.Build.0 = Release|Any CPU
		{33BC8E04-91FF-41CF-849D-B820CF00E07E}.Ad-Hoc|iPhoneSimulator.Deploy.0 = Release|Any CPU
		{33BC8E04-91FF-41CF-849D-B820CF00E07E}.Ad-Hoc|x64.ActiveCfg = Release|x64
		{33BC8E04-91FF-41CF-849D-B820CF00E07E}.Ad-Hoc|x64.Build.0 = Release|x64
		{33BC8E04-91FF-41CF-849D-B820CF00E07E}.Ad-Hoc|x64.Deploy.0 = Release|x64
		{33BC8E04-91FF-41CF-849D-B820CF00E07E}.Ad-Hoc|x86.ActiveCfg = Release|x86
		{33BC8E04-91FF-41CF-849D-B820CF00E07E}.Ad-Hoc|x86.Build.0 = Release|x86
		{33BC8E04-91FF-41CF-849D-B820CF00E07E}.Ad-Hoc|x86.Deploy.0 = Release|x86
		{33BC8E04-91FF-41CF-849D-B820CF00E07E}.AppStore|Any CPU.ActiveCfg = Release|Any CPU
		{33BC8E04-91FF-41CF-849D-B820CF00E07E}.AppStore|Any CPU.Build.0 = Release|Any CPU
		{33BC8E04-91FF-41CF-849D-B820CF00E07E}.AppStore|Any CPU.Deploy.0 = Release|Any CPU
		{33BC8E04-91FF-41CF-849D-B820CF00E07E}.AppStore|ARM.ActiveCfg = Release|ARM
		{33BC8E04-91FF-41CF-849D-B820CF00E07E}.AppStore|ARM.Build.0 = Release|ARM
		{33BC8E04-91FF-41CF-849D-B820CF00E07E}.AppStore|ARM.Deploy.0 = Release|ARM
		{33BC8E04-91FF-41CF-849D-B820CF00E07E}.AppStore|iPhone.ActiveCfg = Release|Any CPU
		{33BC8E04-91FF-41CF-849D-B820CF00E07E}.AppStore|iPhone.Build.0 = Release|Any CPU
		{33BC8E04-91FF-41CF-849D-B820CF00E07E}.AppStore|iPhone.Deploy.0 = Release|Any CPU
		{33BC8E04-91FF-41CF-849D-B820CF00E07E}.AppStore|iPhoneSimulator.ActiveCfg = Release|Any CPU
		{33BC8E04-91FF-41CF-849D-B820CF00E07E}.AppStore|iPhoneSimulator.Build.0 = Release|Any CPU
		{33BC8E04-91FF-41CF-849D-B820CF00E07E}.AppStore|iPhoneSimulator.Deploy.0 = Release|Any CPU
		{33BC8E04-91FF-41CF-849D-B820CF00E07E}.AppStore|x64.ActiveCfg = Release|x64
		{33BC8E04-91FF-41CF-849D-B820CF00E07E}.AppStore|x64.Build.0 = Release|x64
		{33BC8E04-91FF-41CF-849D-B820CF00E07E}.AppStore|x64.Deploy.0 = Release|x64
		{33BC8E04-91FF-41CF-849D-B820CF00E07E}.AppStore|x86.ActiveCfg = Release|x86
		{33BC8E04-91FF-41CF-849D-B820CF00E07E}.AppStore|x86.Build.0 = Release|x86
		{33BC8E04-91FF-41CF-849D-B820CF00E07E}.AppStore|x86.Deploy.0 = Release|x86
		{33BC8E04-91FF-41CF-849D-B820CF00E07E}.Debug|Any CPU.ActiveCfg = Debug|Any CPU
		{33BC8E04-91FF-41CF-849D-B820CF00E07E}.Debug|ARM.ActiveCfg = Debug|ARM
		{33BC8E04-91FF-41CF-849D-B820CF00E07E}.Debug|ARM.Build.0 = Debug|ARM
		{33BC8E04-91FF-41CF-849D-B820CF00E07E}.Debug|ARM.Deploy.0 = Debug|ARM
		{33BC8E04-91FF-41CF-849D-B820CF00E07E}.Debug|iPhone.ActiveCfg = Debug|Any CPU
		{33BC8E04-91FF-41CF-849D-B820CF00E07E}.Debug|iPhone.Build.0 = Debug|Any CPU
		{33BC8E04-91FF-41CF-849D-B820CF00E07E}.Debug|iPhone.Deploy.0 = Debug|Any CPU
		{33BC8E04-91FF-41CF-849D-B820CF00E07E}.Debug|iPhoneSimulator.ActiveCfg = Debug|Any CPU
		{33BC8E04-91FF-41CF-849D-B820CF00E07E}.Debug|iPhoneSimulator.Build.0 = Debug|Any CPU
		{33BC8E04-91FF-41CF-849D-B820CF00E07E}.Debug|iPhoneSimulator.Deploy.0 = Debug|Any CPU
		{33BC8E04-91FF-41CF-849D-B820CF00E07E}.Debug|x64.ActiveCfg = Debug|x64
		{33BC8E04-91FF-41CF-849D-B820CF00E07E}.Debug|x64.Build.0 = Debug|x64
		{33BC8E04-91FF-41CF-849D-B820CF00E07E}.Debug|x64.Deploy.0 = Debug|x64
		{33BC8E04-91FF-41CF-849D-B820CF00E07E}.Debug|x86.ActiveCfg = Debug|x86
		{33BC8E04-91FF-41CF-849D-B820CF00E07E}.Debug|x86.Build.0 = Debug|x86
		{33BC8E04-91FF-41CF-849D-B820CF00E07E}.Debug|x86.Deploy.0 = Debug|x86
		{33BC8E04-91FF-41CF-849D-B820CF00E07E}.Release|Any CPU.ActiveCfg = Release|Any CPU
		{33BC8E04-91FF-41CF-849D-B820CF00E07E}.Release|Any CPU.Build.0 = Release|Any CPU
		{33BC8E04-91FF-41CF-849D-B820CF00E07E}.Release|Any CPU.Deploy.0 = Release|Any CPU
		{33BC8E04-91FF-41CF-849D-B820CF00E07E}.Release|ARM.ActiveCfg = Release|ARM
		{33BC8E04-91FF-41CF-849D-B820CF00E07E}.Release|ARM.Build.0 = Release|ARM
		{33BC8E04-91FF-41CF-849D-B820CF00E07E}.Release|ARM.Deploy.0 = Release|ARM
		{33BC8E04-91FF-41CF-849D-B820CF00E07E}.Release|iPhone.ActiveCfg = Release|Any CPU
		{33BC8E04-91FF-41CF-849D-B820CF00E07E}.Release|iPhone.Build.0 = Release|Any CPU
		{33BC8E04-91FF-41CF-849D-B820CF00E07E}.Release|iPhone.Deploy.0 = Release|Any CPU
		{33BC8E04-91FF-41CF-849D-B820CF00E07E}.Release|iPhoneSimulator.ActiveCfg = Release|Any CPU
		{33BC8E04-91FF-41CF-849D-B820CF00E07E}.Release|iPhoneSimulator.Build.0 = Release|Any CPU
		{33BC8E04-91FF-41CF-849D-B820CF00E07E}.Release|iPhoneSimulator.Deploy.0 = Release|Any CPU
		{33BC8E04-91FF-41CF-849D-B820CF00E07E}.Release|x64.ActiveCfg = Release|x64
		{33BC8E04-91FF-41CF-849D-B820CF00E07E}.Release|x64.Build.0 = Release|x64
		{33BC8E04-91FF-41CF-849D-B820CF00E07E}.Release|x64.Deploy.0 = Release|x64
		{33BC8E04-91FF-41CF-849D-B820CF00E07E}.Release|x86.ActiveCfg = Release|x86
		{33BC8E04-91FF-41CF-849D-B820CF00E07E}.Release|x86.Build.0 = Release|x86
		{33BC8E04-91FF-41CF-849D-B820CF00E07E}.Release|x86.Deploy.0 = Release|x86
	EndGlobalSection
	GlobalSection(SolutionProperties) = preSolution
		HideSolutionNode = FALSE
	EndGlobalSection
EndGlobal
