Microsoft Visual Studio Solution File, Format Version 12.00
# Visual Studio 15
VisualStudioVersion = 15.0.27130.2027
MinimumVisualStudioVersion = 15.0.26124.0
Project("{9A19103F-16F7-4668-BE54-9A1E7A4F7556}") = "grpc.Server", "grpc.Server\grpc.Server.csproj", "{1AC617DE-ECC0-4143-BB81-68822E981759}"
EndProject
Project("{9A19103F-16F7-4668-BE54-9A1E7A4F7556}") = "grpc.Client", "grpc.Client\grpc.Client.csproj", "{B21F8687-E660-48BD-A33A-F7263BE135AD}"
EndProject
Global
	GlobalSection(SolutionConfigurationPlatforms) = preSolution
		Debug|Any CPU = Debug|Any CPU
		Debug|x64 = Debug|x64
		Debug|x86 = Debug|x86
		Release|Any CPU = Release|Any CPU
		Release|x64 = Release|x64
		Release|x86 = Release|x86
	EndGlobalSection
	GlobalSection(ProjectConfigurationPlatforms) = postSolution
		{B21F8687-E660-48BD-A33A-F7263BE135AD}.Debug|Any CPU.ActiveCfg = Debug|Any CPU
		{B21F8687-E660-48BD-A33A-F7263BE135AD}.Debug|Any CPU.Build.0 = Debug|Any CPU
		{B21F8687-E660-48BD-A33A-F7263BE135AD}.Debug|x64.ActiveCfg = Debug|Any CPU
		{B21F8687-E660-48BD-A33A-F7263BE135AD}.Debug|x64.Build.0 = Debug|Any CPU
		{B21F8687-E660-48BD-A33A-F7263BE135AD}.Debug|x86.ActiveCfg = Debug|Any CPU
		{B21F8687-E660-48BD-A33A-F7263BE135AD}.Debug|x86.Build.0 = Debug|Any CPU
		{B21F8687-E660-48BD-A33A-F7263BE135AD}.Release|Any CPU.ActiveCfg = Release|Any CPU
		{B21F8687-E660-48BD-A33A-F7263BE135AD}.Release|Any CPU.Build.0 = Release|Any CPU
		{B21F8687-E660-48BD-A33A-F7263BE135AD}.Release|x64.ActiveCfg = Release|Any CPU
		{B21F8687-E660-48BD-A33A-F7263BE135AD}.Release|x64.Build.0 = Release|Any CPU
		{B21F8687-E660-48BD-A33A-F7263BE135AD}.Release|x86.ActiveCfg = Release|Any CPU
		{B21F8687-E660-48BD-A33A-F7263BE135AD}.Release|x86.Build.0 = Release|Any CPU
		{1AC617DE-ECC0-4143-BB81-68822E981759}.Debug|Any CPU.ActiveCfg = Debug|Any CPU
		{1AC617DE-ECC0-4143-BB81-68822E981759}.Debug|Any CPU.Build.0 = Debug|Any CPU
		{1AC617DE-ECC0-4143-BB81-68822E981759}.Debug|x64.ActiveCfg = Debug|Any CPU
		{1AC617DE-ECC0-4143-BB81-68822E981759}.Debug|x64.Build.0 = Debug|Any CPU
		{1AC617DE-ECC0-4143-BB81-68822E981759}.Debug|x86.ActiveCfg = Debug|Any CPU
		{1AC617DE-ECC0-4143-BB81-68822E981759}.Debug|x86.Build.0 = Debug|Any CPU
		{1AC617DE-ECC0-4143-BB81-68822E981759}.Release|Any CPU.ActiveCfg = Release|Any CPU
		{1AC617DE-ECC0-4143-BB81-68822E981759}.Release|Any CPU.Build.0 = Release|Any CPU
		{1AC617DE-ECC0-4143-BB81-68822E981759}.Release|x64.ActiveCfg = Release|Any CPU
		{1AC617DE-ECC0-4143-BB81-68822E981759}.Release|x64.Build.0 = Release|Any CPU
		{1AC617DE-ECC0-4143-BB81-68822E981759}.Release|x86.ActiveCfg = Release|Any CPU
		{1AC617DE-ECC0-4143-BB81-68822E981759}.Release|x86.Build.0 = Release|Any CPU
	EndGlobalSection
	GlobalSection(SolutionProperties) = preSolution
		HideSolutionNode = FALSE
	EndGlobalSection
	GlobalSection(ExtensibilityGlobals) = postSolution
		SolutionGuid = {F9597C71-1A5B-4496-B8FD-6AC59BF4BFDD}
	EndGlobalSection
EndGlobal
