
Microsoft Visual Studio Solution File, Format Version 12.00
# Visual Studio 15
VisualStudioVersion = 15.0.27520.0
MinimumVisualStudioVersion = 10.0.40219.1
Project("{FAE04EC0-301F-11D3-BF4B-00C04F79EFBC}") = "ClientApp", "ClientApp\ClientApp.csproj", "{AA0D7166-1B8E-4E3E-8E0E-E55CF8AC3341}"
EndProject
Global
	GlobalSection(SolutionConfigurationPlatforms) = preSolution
		Debug|Any CPU = Debug|Any CPU
		Release|Any CPU = Release|Any CPU
	EndGlobalSection
	GlobalSection(ProjectConfigurationPlatforms) = postSolution
		{AA0D7166-1B8E-4E3E-8E0E-E55CF8AC3341}.Debug|Any CPU.ActiveCfg = Debug|Any CPU
		{AA0D7166-1B8E-4E3E-8E0E-E55CF8AC3341}.Debug|Any CPU.Build.0 = Debug|Any CPU
		{AA0D7166-1B8E-4E3E-8E0E-E55CF8AC3341}.Release|Any CPU.ActiveCfg = Release|Any CPU
		{AA0D7166-1B8E-4E3E-8E0E-E55CF8AC3341}.Release|Any CPU.Build.0 = Release|Any CPU
	EndGlobalSection
	GlobalSection(SolutionProperties) = preSolution
		HideSolutionNode = FALSE
	EndGlobalSection
	GlobalSection(ExtensibilityGlobals) = postSolution
		SolutionGuid = {1BA7A0E2-9B1B-47AF-80F2-DF17641D84E4}
	EndGlobalSection
EndGlobal
