
Microsoft Visual Studio Solution File, Format Version 12.00
# Visual Studio Version 16
VisualStudioVersion = 16.0.29123.89
MinimumVisualStudioVersion = 10.0.40219.1
Project("{9A19103F-16F7-4668-BE54-9A1E7A4F7556}") = "ServerSideBlazor", "ServerSideBlazor.csproj", "{4DB1849F-B4B9-4B1E-9A7D-0FD984A5E0BD}"
EndProject
Project("{9A19103F-16F7-4668-BE54-9A1E7A4F7556}") = "BooksLib", "..\BooksLib\BooksLib.csproj", "{937EAC3B-865F-4099-A799-6FB964FC6E6C}"
EndProject
Project("{FAE04EC0-301F-11D3-BF4B-00C04F79EFBC}") = "ClientSideBlazor.Server", "..\ClientSideBlazor.Server\ClientSideBlazor.Server.csproj", "{071FB2C0-0602-4E97-9D24-76E54D236390}"
EndProject
Project("{FAE04EC0-301F-11D3-BF4B-00C04F79EFBC}") = "ClientSideBlazor.Client", "..\ClientSideBlazor.Client\ClientSideBlazor.Client.csproj", "{ECB19418-47AA-4B27-A25E-86754FC83DE1}"
EndProject
Project("{FAE04EC0-301F-11D3-BF4B-00C04F79EFBC}") = "ClientSideBlazor.Shared", "..\ClientSideBlazor.Shared\ClientSideBlazor.Shared.csproj", "{33BE0C3A-6292-4226-9D67-364696C746B3}"
EndProject
Global
	GlobalSection(SolutionConfigurationPlatforms) = preSolution
		Debug|Any CPU = Debug|Any CPU
		Release|Any CPU = Release|Any CPU
	EndGlobalSection
	GlobalSection(ProjectConfigurationPlatforms) = postSolution
		{4DB1849F-B4B9-4B1E-9A7D-0FD984A5E0BD}.Debug|Any CPU.ActiveCfg = Debug|Any CPU
		{4DB1849F-B4B9-4B1E-9A7D-0FD984A5E0BD}.Debug|Any CPU.Build.0 = Debug|Any CPU
		{4DB1849F-B4B9-4B1E-9A7D-0FD984A5E0BD}.Release|Any CPU.ActiveCfg = Release|Any CPU
		{4DB1849F-B4B9-4B1E-9A7D-0FD984A5E0BD}.Release|Any CPU.Build.0 = Release|Any CPU
		{937EAC3B-865F-4099-A799-6FB964FC6E6C}.Debug|Any CPU.ActiveCfg = Debug|Any CPU
		{937EAC3B-865F-4099-A799-6FB964FC6E6C}.Debug|Any CPU.Build.0 = Debug|Any CPU
		{937EAC3B-865F-4099-A799-6FB964FC6E6C}.Release|Any CPU.ActiveCfg = Release|Any CPU
		{937EAC3B-865F-4099-A799-6FB964FC6E6C}.Release|Any CPU.Build.0 = Release|Any CPU
		{071FB2C0-0602-4E97-9D24-76E54D236390}.Debug|Any CPU.ActiveCfg = Debug|Any CPU
		{071FB2C0-0602-4E97-9D24-76E54D236390}.Debug|Any CPU.Build.0 = Debug|Any CPU
		{071FB2C0-0602-4E97-9D24-76E54D236390}.Release|Any CPU.ActiveCfg = Release|Any CPU
		{071FB2C0-0602-4E97-9D24-76E54D236390}.Release|Any CPU.Build.0 = Release|Any CPU
		{ECB19418-47AA-4B27-A25E-86754FC83DE1}.Debug|Any CPU.ActiveCfg = Debug|Any CPU
		{ECB19418-47AA-4B27-A25E-86754FC83DE1}.Debug|Any CPU.Build.0 = Debug|Any CPU
		{ECB19418-47AA-4B27-A25E-86754FC83DE1}.Release|Any CPU.ActiveCfg = Release|Any CPU
		{ECB19418-47AA-4B27-A25E-86754FC83DE1}.Release|Any CPU.Build.0 = Release|Any CPU
		{33BE0C3A-6292-4226-9D67-364696C746B3}.Debug|Any CPU.ActiveCfg = Debug|Any CPU
		{33BE0C3A-6292-4226-9D67-364696C746B3}.Debug|Any CPU.Build.0 = Debug|Any CPU
		{33BE0C3A-6292-4226-9D67-364696C746B3}.Release|Any CPU.ActiveCfg = Release|Any CPU
		{33BE0C3A-6292-4226-9D67-364696C746B3}.Release|Any CPU.Build.0 = Release|Any CPU
	EndGlobalSection
	GlobalSection(SolutionProperties) = preSolution
		HideSolutionNode = FALSE
	EndGlobalSection
	GlobalSection(ExtensibilityGlobals) = postSolution
		SolutionGuid = {4683CE57-3DC6-4DBC-A911-A2D3F92CDD14}
	EndGlobalSection
EndGlobal
