
Microsoft Visual Studio Solution File, Format Version 12.00
# Visual Studio 15
VisualStudioVersion = 15.0.27703.2026
MinimumVisualStudioVersion = 10.0.40219.1
Project("{FAE04EC0-301F-11D3-BF4B-00C04F79EFBC}") = "BlazorHosting.Server", "BlazorHosting.Server\BlazorHosting.Server.csproj", "{0A5F5CE0-E44E-4BEF-9D41-3BCEA82C8169}"
EndProject
Project("{FAE04EC0-301F-11D3-BF4B-00C04F79EFBC}") = "BlazorHosting.Client", "BlazorHosting.Client\BlazorHosting.Client.csproj", "{AF2D0EDD-39F2-48B9-A733-E9121FD54A62}"
EndProject
Project("{FAE04EC0-301F-11D3-BF4B-00C04F79EFBC}") = "BlazorHosting.Shared", "BlazorHosting.Shared\BlazorHosting.Shared.csproj", "{2B0DE7FA-F794-4134-BE34-F275DDEBA982}"
EndProject
Global
	GlobalSection(SolutionConfigurationPlatforms) = preSolution
		Debug|Any CPU = Debug|Any CPU
		Release|Any CPU = Release|Any CPU
	EndGlobalSection
	GlobalSection(ProjectConfigurationPlatforms) = postSolution
		{0A5F5CE0-E44E-4BEF-9D41-3BCEA82C8169}.Debug|Any CPU.ActiveCfg = Debug|Any CPU
		{0A5F5CE0-E44E-4BEF-9D41-3BCEA82C8169}.Debug|Any CPU.Build.0 = Debug|Any CPU
		{0A5F5CE0-E44E-4BEF-9D41-3BCEA82C8169}.Release|Any CPU.ActiveCfg = Release|Any CPU
		{0A5F5CE0-E44E-4BEF-9D41-3BCEA82C8169}.Release|Any CPU.Build.0 = Release|Any CPU
		{AF2D0EDD-39F2-48B9-A733-E9121FD54A62}.Debug|Any CPU.ActiveCfg = Debug|Any CPU
		{AF2D0EDD-39F2-48B9-A733-E9121FD54A62}.Debug|Any CPU.Build.0 = Debug|Any CPU
		{AF2D0EDD-39F2-48B9-A733-E9121FD54A62}.Release|Any CPU.ActiveCfg = Release|Any CPU
		{AF2D0EDD-39F2-48B9-A733-E9121FD54A62}.Release|Any CPU.Build.0 = Release|Any CPU
		{2B0DE7FA-F794-4134-BE34-F275DDEBA982}.Debug|Any CPU.ActiveCfg = Debug|Any CPU
		{2B0DE7FA-F794-4134-BE34-F275DDEBA982}.Debug|Any CPU.Build.0 = Debug|Any CPU
		{2B0DE7FA-F794-4134-BE34-F275DDEBA982}.Release|Any CPU.ActiveCfg = Release|Any CPU
		{2B0DE7FA-F794-4134-BE34-F275DDEBA982}.Release|Any CPU.Build.0 = Release|Any CPU
	EndGlobalSection
	GlobalSection(SolutionProperties) = preSolution
		HideSolutionNode = FALSE
	EndGlobalSection
	GlobalSection(ExtensibilityGlobals) = postSolution
		SolutionGuid = {B1D661B4-05A8-47C9-B4BB-39D210D63863}
	EndGlobalSection
EndGlobal
