
Microsoft Visual Studio Solution File, Format Version 12.00
# Visual Studio 15
VisualStudioVersion = 15.0.27604.0
MinimumVisualStudioVersion = 10.0.40219.1
Project("{FAE04EC0-301F-11D3-BF4B-00C04F79EFBC}") = "BlazorHosting.Server", "BlazorHosting\BlazorHosting.Server\BlazorHosting.Server.csproj", "{6F94AC19-8950-4433-9A33-07E5171E5ABE}"
EndProject
Project("{FAE04EC0-301F-11D3-BF4B-00C04F79EFBC}") = "BlazorHosting.Client", "BlazorHosting\BlazorHosting.Client\BlazorHosting.Client.csproj", "{B4AE720D-3990-47B4-A425-5B589C3D283F}"
EndProject
Project("{FAE04EC0-301F-11D3-BF4B-00C04F79EFBC}") = "BlazorHosting.Shared", "BlazorHosting\BlazorHosting.Shared\BlazorHosting.Shared.csproj", "{412CD7DE-C129-4324-A258-001468B885A8}"
EndProject
Global
	GlobalSection(SolutionConfigurationPlatforms) = preSolution
		Debug|Any CPU = Debug|Any CPU
		Release|Any CPU = Release|Any CPU
	EndGlobalSection
	GlobalSection(ProjectConfigurationPlatforms) = postSolution
		{6F94AC19-8950-4433-9A33-07E5171E5ABE}.Debug|Any CPU.ActiveCfg = Debug|Any CPU
		{6F94AC19-8950-4433-9A33-07E5171E5ABE}.Debug|Any CPU.Build.0 = Debug|Any CPU
		{6F94AC19-8950-4433-9A33-07E5171E5ABE}.Release|Any CPU.ActiveCfg = Release|Any CPU
		{6F94AC19-8950-4433-9A33-07E5171E5ABE}.Release|Any CPU.Build.0 = Release|Any CPU
		{B4AE720D-3990-47B4-A425-5B589C3D283F}.Debug|Any CPU.ActiveCfg = Debug|Any CPU
		{B4AE720D-3990-47B4-A425-5B589C3D283F}.Debug|Any CPU.Build.0 = Debug|Any CPU
		{B4AE720D-3990-47B4-A425-5B589C3D283F}.Release|Any CPU.ActiveCfg = Release|Any CPU
		{B4AE720D-3990-47B4-A425-5B589C3D283F}.Release|Any CPU.Build.0 = Release|Any CPU
		{412CD7DE-C129-4324-A258-001468B885A8}.Debug|Any CPU.ActiveCfg = Debug|Any CPU
		{412CD7DE-C129-4324-A258-001468B885A8}.Debug|Any CPU.Build.0 = Debug|Any CPU
		{412CD7DE-C129-4324-A258-001468B885A8}.Release|Any CPU.ActiveCfg = Release|Any CPU
		{412CD7DE-C129-4324-A258-001468B885A8}.Release|Any CPU.Build.0 = Release|Any CPU
	EndGlobalSection
	GlobalSection(SolutionProperties) = preSolution
		HideSolutionNode = FALSE
	EndGlobalSection
	GlobalSection(ExtensibilityGlobals) = postSolution
		SolutionGuid = {259945FA-7E89-4E13-AF51-8AD67E853DF4}
	EndGlobalSection
EndGlobal
