
Microsoft Visual Studio Solution File, Format Version 12.00
# Visual Studio 15
VisualStudioVersion = 15.0.27705.2000
MinimumVisualStudioVersion = 10.0.40219.1
Project("{FAE04EC0-301F-11D3-BF4B-00C04F79EFBC}") = "GDPRSample", "GDPRSample\GDPRSample.csproj", "{B35205E3-12A5-475C-8D93-B14F661AAFD2}"
EndProject
Global
	GlobalSection(SolutionConfigurationPlatforms) = preSolution
		Debug|Any CPU = Debug|Any CPU
		Release|Any CPU = Release|Any CPU
	EndGlobalSection
	GlobalSection(ProjectConfigurationPlatforms) = postSolution
		{B35205E3-12A5-475C-8D93-B14F661AAFD2}.Debug|Any CPU.ActiveCfg = Debug|Any CPU
		{B35205E3-12A5-475C-8D93-B14F661AAFD2}.Debug|Any CPU.Build.0 = Debug|Any CPU
		{B35205E3-12A5-475C-8D93-B14F661AAFD2}.Release|Any CPU.ActiveCfg = Release|Any CPU
		{B35205E3-12A5-475C-8D93-B14F661AAFD2}.Release|Any CPU.Build.0 = Release|Any CPU
	EndGlobalSection
	GlobalSection(SolutionProperties) = preSolution
		HideSolutionNode = FALSE
	EndGlobalSection
	GlobalSection(ExtensibilityGlobals) = postSolution
		SolutionGuid = {8BB2FD13-DF23-42CC-B9B5-AE8A59365E55}
	EndGlobalSection
EndGlobal
