
Microsoft Visual Studio Solution File, Format Version 12.00
# Visual Studio 15
VisualStudioVersion = 15.0.27906.1
MinimumVisualStudioVersion = 10.0.40219.1
Project("{FAE04EC0-301F-11D3-BF4B-00C04F79EFBC}") = "LostFocusSample", "LostFocusSample\LostFocusSample.csproj", "{D4B90AB7-CA14-43F7-8588-B59CD81D1D39}"
EndProject
Global
	GlobalSection(SolutionConfigurationPlatforms) = preSolution
		Debug|ARM = Debug|ARM
		Debug|x64 = Debug|x64
		Debug|x86 = Debug|x86
		Release|ARM = Release|ARM
		Release|x64 = Release|x64
		Release|x86 = Release|x86
	EndGlobalSection
	GlobalSection(ProjectConfigurationPlatforms) = postSolution
		{D4B90AB7-CA14-43F7-8588-B59CD81D1D39}.Debug|ARM.ActiveCfg = Debug|ARM
		{D4B90AB7-CA14-43F7-8588-B59CD81D1D39}.Debug|ARM.Build.0 = Debug|ARM
		{D4B90AB7-CA14-43F7-8588-B59CD81D1D39}.Debug|ARM.Deploy.0 = Debug|ARM
		{D4B90AB7-CA14-43F7-8588-B59CD81D1D39}.Debug|x64.ActiveCfg = Debug|x64
		{D4B90AB7-CA14-43F7-8588-B59CD81D1D39}.Debug|x64.Build.0 = Debug|x64
		{D4B90AB7-CA14-43F7-8588-B59CD81D1D39}.Debug|x64.Deploy.0 = Debug|x64
		{D4B90AB7-CA14-43F7-8588-B59CD81D1D39}.Debug|x86.ActiveCfg = Debug|x86
		{D4B90AB7-CA14-43F7-8588-B59CD81D1D39}.Debug|x86.Build.0 = Debug|x86
		{D4B90AB7-CA14-43F7-8588-B59CD81D1D39}.Debug|x86.Deploy.0 = Debug|x86
		{D4B90AB7-CA14-43F7-8588-B59CD81D1D39}.Release|ARM.ActiveCfg = Release|ARM
		{D4B90AB7-CA14-43F7-8588-B59CD81D1D39}.Release|ARM.Build.0 = Release|ARM
		{D4B90AB7-CA14-43F7-8588-B59CD81D1D39}.Release|ARM.Deploy.0 = Release|ARM
		{D4B90AB7-CA14-43F7-8588-B59CD81D1D39}.Release|x64.ActiveCfg = Release|x64
		{D4B90AB7-CA14-43F7-8588-B59CD81D1D39}.Release|x64.Build.0 = Release|x64
		{D4B90AB7-CA14-43F7-8588-B59CD81D1D39}.Release|x64.Deploy.0 = Release|x64
		{D4B90AB7-CA14-43F7-8588-B59CD81D1D39}.Release|x86.ActiveCfg = Release|x86
		{D4B90AB7-CA14-43F7-8588-B59CD81D1D39}.Release|x86.Build.0 = Release|x86
		{D4B90AB7-CA14-43F7-8588-B59CD81D1D39}.Release|x86.Deploy.0 = Release|x86
	EndGlobalSection
	GlobalSection(SolutionProperties) = preSolution
		HideSolutionNode = FALSE
	EndGlobalSection
	GlobalSection(ExtensibilityGlobals) = postSolution
		SolutionGuid = {C64CB8F8-B853-4D28-9DB6-54340ABDAC6C}
	EndGlobalSection
EndGlobal
