
Microsoft Visual Studio Solution File, Format Version 12.00
# Visual Studio Version 16
VisualStudioVersion = 16.0.29326.143
MinimumVisualStudioVersion = 10.0.40219.1
Project("{FAE04EC0-301F-11D3-BF4B-00C04F79EFBC}") = "ApiAsWindowsService", "ApiAsWindowsService\ApiAsWindowsService.csproj", "{3F4B29F1-1C98-4D9D-B32D-EDD5CF3BC9A9}"
EndProject
Global
	GlobalSection(SolutionConfigurationPlatforms) = preSolution
		Debug|Any CPU = Debug|Any CPU
		Release|Any CPU = Release|Any CPU
	EndGlobalSection
	GlobalSection(ProjectConfigurationPlatforms) = postSolution
		{3F4B29F1-1C98-4D9D-B32D-EDD5CF3BC9A9}.Debug|Any CPU.ActiveCfg = Debug|Any CPU
		{3F4B29F1-1C98-4D9D-B32D-EDD5CF3BC9A9}.Debug|Any CPU.Build.0 = Debug|Any CPU
		{3F4B29F1-1C98-4D9D-B32D-EDD5CF3BC9A9}.Release|Any CPU.ActiveCfg = Release|Any CPU
		{3F4B29F1-1C98-4D9D-B32D-EDD5CF3BC9A9}.Release|Any CPU.Build.0 = Release|Any CPU
	EndGlobalSection
	GlobalSection(SolutionProperties) = preSolution
		HideSolutionNode = FALSE
	EndGlobalSection
	GlobalSection(ExtensibilityGlobals) = postSolution
		SolutionGuid = {D00D7F09-FE75-4F8A-8AED-9D58040558C7}
	EndGlobalSection
EndGlobal
