
Microsoft Visual Studio Solution File, Format Version 12.00
# Visual Studio 15
VisualStudioVersion = 15.0.28010.2016
MinimumVisualStudioVersion = 10.0.40219.1
Project("{9A19103F-16F7-4668-BE54-9A1E7A4F7556}") = "DependencyInjection", "DependencyInjectionWithOptions\DependencyInjection.csproj", "{B149C587-B048-4B29-B917-8D07FE85B907}"
EndProject
Global
	GlobalSection(SolutionConfigurationPlatforms) = preSolution
		Debug|Any CPU = Debug|Any CPU
		Release|Any CPU = Release|Any CPU
	EndGlobalSection
	GlobalSection(ProjectConfigurationPlatforms) = postSolution
		{B149C587-B048-4B29-B917-8D07FE85B907}.Debug|Any CPU.ActiveCfg = Debug|Any CPU
		{B149C587-B048-4B29-B917-8D07FE85B907}.Debug|Any CPU.Build.0 = Debug|Any CPU
		{B149C587-B048-4B29-B917-8D07FE85B907}.Release|Any CPU.ActiveCfg = Release|Any CPU
		{B149C587-B048-4B29-B917-8D07FE85B907}.Release|Any CPU.Build.0 = Release|Any CPU
	EndGlobalSection
	GlobalSection(SolutionProperties) = preSolution
		HideSolutionNode = FALSE
	EndGlobalSection
	GlobalSection(ExtensibilityGlobals) = postSolution
		SolutionGuid = {139118B9-15F9-4BA4-9DD8-93FA43019A3F}
	EndGlobalSection
EndGlobal
