
Microsoft Visual Studio Solution File, Format Version 12.00
# Visual Studio 15
VisualStudioVersion = 15.0.27705.2000
MinimumVisualStudioVersion = 10.0.40219.1
Project("{FAE04EC0-301F-11D3-BF4B-00C04F79EFBC}") = "HttpClientFactorySample", "HttpClientFactorySample\HttpClientFactorySample.csproj", "{020EF893-3EEC-43E2-8D61-7F8BE9E2A746}"
EndProject
Global
	GlobalSection(SolutionConfigurationPlatforms) = preSolution
		Debug|Any CPU = Debug|Any CPU
		Release|Any CPU = Release|Any CPU
	EndGlobalSection
	GlobalSection(ProjectConfigurationPlatforms) = postSolution
		{020EF893-3EEC-43E2-8D61-7F8BE9E2A746}.Debug|Any CPU.ActiveCfg = Debug|Any CPU
		{020EF893-3EEC-43E2-8D61-7F8BE9E2A746}.Debug|Any CPU.Build.0 = Debug|Any CPU
		{020EF893-3EEC-43E2-8D61-7F8BE9E2A746}.Release|Any CPU.ActiveCfg = Release|Any CPU
		{020EF893-3EEC-43E2-8D61-7F8BE9E2A746}.Release|Any CPU.Build.0 = Release|Any CPU
	EndGlobalSection
	GlobalSection(SolutionProperties) = preSolution
		HideSolutionNode = FALSE
	EndGlobalSection
	GlobalSection(ExtensibilityGlobals) = postSolution
		SolutionGuid = {7227FF4F-435D-4493-811E-0762227FCB12}
	EndGlobalSection
EndGlobal
