
Microsoft Visual Studio Solution File, Format Version 12.00
# Visual Studio Version 16
VisualStudioVersion = 16.0.29728.190
MinimumVisualStudioVersion = 10.0.40219.1
Project("{FAE04EC0-301F-11D3-BF4B-00C04F79EFBC}") = "COMInterop", "COMInterop\COMInterop.csproj", "{8A6DEF4C-3DDA-4B11-BA1A-1A14A34B0B81}"
EndProject
Global
	GlobalSection(SolutionConfigurationPlatforms) = preSolution
		Debug|Any CPU = Debug|Any CPU
		Release|Any CPU = Release|Any CPU
	EndGlobalSection
	GlobalSection(ProjectConfigurationPlatforms) = postSolution
		{8A6DEF4C-3DDA-4B11-BA1A-1A14A34B0B81}.Debug|Any CPU.ActiveCfg = Debug|Any CPU
		{8A6DEF4C-3DDA-4B11-BA1A-1A14A34B0B81}.Debug|Any CPU.Build.0 = Debug|Any CPU
		{8A6DEF4C-3DDA-4B11-BA1A-1A14A34B0B81}.Release|Any CPU.ActiveCfg = Release|Any CPU
		{8A6DEF4C-3DDA-4B11-BA1A-1A14A34B0B81}.Release|Any CPU.Build.0 = Release|Any CPU
	EndGlobalSection
	GlobalSection(SolutionProperties) = preSolution
		HideSolutionNode = FALSE
	EndGlobalSection
	GlobalSection(ExtensibilityGlobals) = postSolution
		SolutionGuid = {FC29D207-91C5-491F-ABEC-3372DB255410}
	EndGlobalSection
EndGlobal
