
Microsoft Visual Studio Solution File, Format Version 12.00
# Visual Studio 14
VisualStudioVersion = 14.0.25123.0
MinimumVisualStudioVersion = 10.0.40219.1
Project("{2150E333-8FDC-42A3-9474-1A3956D46DE8}") = "src", "src", "{1AFFEDF0-57EF-47B1-A467-12C2FFA54F6B}"
EndProject
Project("{2150E333-8FDC-42A3-9474-1A3956D46DE8}") = "Solution Items", "Solution Items", "{7C434672-43FA-4030-B4B3-DDCCEC5F53BA}"
	ProjectSection(SolutionItems) = preProject
		global.json = global.json
	EndProjectSection
EndProject
Project("{8BB2217D-0F2D-49D1-97BC-3654ED321F3B}") = "DependencyInjection", "src\DependencyInjection\DependencyInjection.xproj", "{73C492FA-1319-4FE8-A1C3-E91BD3540A0B}"
EndProject
Global
	GlobalSection(SolutionConfigurationPlatforms) = preSolution
		Debug|Any CPU = Debug|Any CPU
		Release|Any CPU = Release|Any CPU
	EndGlobalSection
	GlobalSection(ProjectConfigurationPlatforms) = postSolution
		{73C492FA-1319-4FE8-A1C3-E91BD3540A0B}.Debug|Any CPU.ActiveCfg = Debug|Any CPU
		{73C492FA-1319-4FE8-A1C3-E91BD3540A0B}.Debug|Any CPU.Build.0 = Debug|Any CPU
		{73C492FA-1319-4FE8-A1C3-E91BD3540A0B}.Release|Any CPU.ActiveCfg = Release|Any CPU
		{73C492FA-1319-4FE8-A1C3-E91BD3540A0B}.Release|Any CPU.Build.0 = Release|Any CPU
	EndGlobalSection
	GlobalSection(SolutionProperties) = preSolution
		HideSolutionNode = FALSE
	EndGlobalSection
	GlobalSection(NestedProjects) = preSolution
		{73C492FA-1319-4FE8-A1C3-E91BD3540A0B} = {1AFFEDF0-57EF-47B1-A467-12C2FFA54F6B}
	EndGlobalSection
EndGlobal
