
Microsoft Visual Studio Solution File, Format Version 12.00
# Visual Studio 15
VisualStudioVersion = 15.0.28010.2016
MinimumVisualStudioVersion = 10.0.40219.1
Project("{9A19103F-16F7-4668-BE54-9A1E7A4F7556}") = "DependencyInjection", "DependencyInjection\DependencyInjection.csproj", "{44E4D51D-1A8D-459B-A7F2-D61FF8D51883}"
EndProject
Global
	GlobalSection(SolutionConfigurationPlatforms) = preSolution
		Debug|Any CPU = Debug|Any CPU
		Release|Any CPU = Release|Any CPU
	EndGlobalSection
	GlobalSection(ProjectConfigurationPlatforms) = postSolution
		{44E4D51D-1A8D-459B-A7F2-D61FF8D51883}.Debug|Any CPU.ActiveCfg = Debug|Any CPU
		{44E4D51D-1A8D-459B-A7F2-D61FF8D51883}.Debug|Any CPU.Build.0 = Debug|Any CPU
		{44E4D51D-1A8D-459B-A7F2-D61FF8D51883}.Release|Any CPU.ActiveCfg = Release|Any CPU
		{44E4D51D-1A8D-459B-A7F2-D61FF8D51883}.Release|Any CPU.Build.0 = Release|Any CPU
	EndGlobalSection
	GlobalSection(SolutionProperties) = preSolution
		HideSolutionNode = FALSE
	EndGlobalSection
	GlobalSection(ExtensibilityGlobals) = postSolution
		SolutionGuid = {4BF59508-0416-4861-B0FE-1984F9D1DE6B}
	EndGlobalSection
EndGlobal
