
Microsoft Visual Studio Solution File, Format Version 12.00
# Visual Studio Version 16
VisualStudioVersion = 16.0.29324.140
MinimumVisualStudioVersion = 10.0.40219.1
Project("{FAE04EC0-301F-11D3-BF4B-00C04F79EFBC}") = "GrpcSampleService", "GrpcSampleService\GrpcSampleService.csproj", "{2E9D8E8B-BC93-45FC-B75E-37C70915145A}"
EndProject
Project("{FAE04EC0-301F-11D3-BF4B-00C04F79EFBC}") = "GrpcSampleClient", "GrpcSampleClient\GrpcSampleClient.csproj", "{E8A5C1D2-E07E-4643-8B1D-65BD41DD7360}"
EndProject
Global
	GlobalSection(SolutionConfigurationPlatforms) = preSolution
		Debug|Any CPU = Debug|Any CPU
		Release|Any CPU = Release|Any CPU
	EndGlobalSection
	GlobalSection(ProjectConfigurationPlatforms) = postSolution
		{2E9D8E8B-BC93-45FC-B75E-37C70915145A}.Debug|Any CPU.ActiveCfg = Debug|Any CPU
		{2E9D8E8B-BC93-45FC-B75E-37C70915145A}.Debug|Any CPU.Build.0 = Debug|Any CPU
		{2E9D8E8B-BC93-45FC-B75E-37C70915145A}.Release|Any CPU.ActiveCfg = Release|Any CPU
		{2E9D8E8B-BC93-45FC-B75E-37C70915145A}.Release|Any CPU.Build.0 = Release|Any CPU
		{E8A5C1D2-E07E-4643-8B1D-65BD41DD7360}.Debug|Any CPU.ActiveCfg = Debug|Any CPU
		{E8A5C1D2-E07E-4643-8B1D-65BD41DD7360}.Debug|Any CPU.Build.0 = Debug|Any CPU
		{E8A5C1D2-E07E-4643-8B1D-65BD41DD7360}.Release|Any CPU.ActiveCfg = Release|Any CPU
		{E8A5C1D2-E07E-4643-8B1D-65BD41DD7360}.Release|Any CPU.Build.0 = Release|Any CPU
	EndGlobalSection
	GlobalSection(SolutionProperties) = preSolution
		HideSolutionNode = FALSE
	EndGlobalSection
	GlobalSection(ExtensibilityGlobals) = postSolution
		SolutionGuid = {963B0A40-4C7A-4ADC-AB86-160B71525FA7}
	EndGlobalSection
EndGlobal
