
Microsoft Visual Studio Solution File, Format Version 12.00
# Visual Studio 15
VisualStudioVersion = 15.0.27703.2035
MinimumVisualStudioVersion = 10.0.40219.1
Project("{9A19103F-16F7-4668-BE54-9A1E7A4F7556}") = "BlazorStorageHosting", "BlazorStorageHosting\BlazorStorageHosting.csproj", "{D7925112-C339-4715-81D4-8E038A138194}"
EndProject
Project("{FAE04EC0-301F-11D3-BF4B-00C04F79EFBC}") = "BooksFunctionsApp", "BooksFunctionsApp\BooksFunctionsApp.csproj", "{C99932BE-42CD-491B-ACBB-3EF2570733FC}"
EndProject
Project("{FAE04EC0-301F-11D3-BF4B-00C04F79EFBC}") = "BooksLib", "BooksLib\BooksLib.csproj", "{AC6EC78E-9055-46F6-A778-9E636B1D725C}"
EndProject
Global
	GlobalSection(SolutionConfigurationPlatforms) = preSolution
		Debug|Any CPU = Debug|Any CPU
		Release|Any CPU = Release|Any CPU
	EndGlobalSection
	GlobalSection(ProjectConfigurationPlatforms) = postSolution
		{D7925112-C339-4715-81D4-8E038A138194}.Debug|Any CPU.ActiveCfg = Debug|Any CPU
		{D7925112-C339-4715-81D4-8E038A138194}.Debug|Any CPU.Build.0 = Debug|Any CPU
		{D7925112-C339-4715-81D4-8E038A138194}.Release|Any CPU.ActiveCfg = Release|Any CPU
		{D7925112-C339-4715-81D4-8E038A138194}.Release|Any CPU.Build.0 = Release|Any CPU
		{C99932BE-42CD-491B-ACBB-3EF2570733FC}.Debug|Any CPU.ActiveCfg = Debug|Any CPU
		{C99932BE-42CD-491B-ACBB-3EF2570733FC}.Debug|Any CPU.Build.0 = Debug|Any CPU
		{C99932BE-42CD-491B-ACBB-3EF2570733FC}.Release|Any CPU.ActiveCfg = Release|Any CPU
		{C99932BE-42CD-491B-ACBB-3EF2570733FC}.Release|Any CPU.Build.0 = Release|Any CPU
		{AC6EC78E-9055-46F6-A778-9E636B1D725C}.Debug|Any CPU.ActiveCfg = Debug|Any CPU
		{AC6EC78E-9055-46F6-A778-9E636B1D725C}.Debug|Any CPU.Build.0 = Debug|Any CPU
		{AC6EC78E-9055-46F6-A778-9E636B1D725C}.Release|Any CPU.ActiveCfg = Release|Any CPU
		{AC6EC78E-9055-46F6-A778-9E636B1D725C}.Release|Any CPU.Build.0 = Release|Any CPU
	EndGlobalSection
	GlobalSection(SolutionProperties) = preSolution
		HideSolutionNode = FALSE
	EndGlobalSection
	GlobalSection(ExtensibilityGlobals) = postSolution
		SolutionGuid = {C49353F4-420E-4F3A-9028-5F9AAC069197}
	EndGlobalSection
EndGlobal
