
Microsoft Visual Studio Solution File, Format Version 12.00
# Visual Studio 15
VisualStudioVersion = 15.0.28010.2016
MinimumVisualStudioVersion = 10.0.40219.1
Project("{9A19103F-16F7-4668-BE54-9A1E7A4F7556}") = "DependencyInjection", "DependencyInjectionWithConfig\DependencyInjection.csproj", "{F292B165-712F-4809-BB49-E18298433F49}"
EndProject
Global
	GlobalSection(SolutionConfigurationPlatforms) = preSolution
		Debug|Any CPU = Debug|Any CPU
		Release|Any CPU = Release|Any CPU
	EndGlobalSection
	GlobalSection(ProjectConfigurationPlatforms) = postSolution
		{F292B165-712F-4809-BB49-E18298433F49}.Debug|Any CPU.ActiveCfg = Debug|Any CPU
		{F292B165-712F-4809-BB49-E18298433F49}.Debug|Any CPU.Build.0 = Debug|Any CPU
		{F292B165-712F-4809-BB49-E18298433F49}.Release|Any CPU.ActiveCfg = Release|Any CPU
		{F292B165-712F-4809-BB49-E18298433F49}.Release|Any CPU.Build.0 = Release|Any CPU
	EndGlobalSection
	GlobalSection(SolutionProperties) = preSolution
		HideSolutionNode = FALSE
	EndGlobalSection
	GlobalSection(ExtensibilityGlobals) = postSolution
		SolutionGuid = {CFF1E382-4443-4D35-825B-D659B2FD1187}
	EndGlobalSection
EndGlobal
