
Microsoft Visual Studio Solution File, Format Version 12.00
# Visual Studio 15
VisualStudioVersion = 15.0.25914.0
MinimumVisualStudioVersion = 10.0.40219.1
Project("{FAE04EC0-301F-11D3-BF4B-00C04F79EFBC}") = "BooksWebApp", "BooksWebApp\BooksWebApp.csproj", "{F41ED740-289C-4769-A266-E522C1A5E065}"
EndProject
Project("{2150E333-8FDC-42A3-9474-1A3956D46DE8}") = "Solution Items", "Solution Items", "{8C52D74D-B2F3-4ADF-91AC-C3C1C545103D}"
EndProject
Project("{FAE04EC0-301F-11D3-BF4B-00C04F79EFBC}") = "BooksWebAppTests", "BooksWebAppTests\BooksWebAppTests.csproj", "{9571797C-6A2B-4C64-B404-1C5C614B92CA}"
EndProject
Global
	GlobalSection(SolutionConfigurationPlatforms) = preSolution
		Debug|Any CPU = Debug|Any CPU
		Release|Any CPU = Release|Any CPU
	EndGlobalSection
	GlobalSection(ProjectConfigurationPlatforms) = postSolution
		{F41ED740-289C-4769-A266-E522C1A5E065}.Debug|Any CPU.ActiveCfg = Debug|Any CPU
		{F41ED740-289C-4769-A266-E522C1A5E065}.Debug|Any CPU.Build.0 = Debug|Any CPU
		{F41ED740-289C-4769-A266-E522C1A5E065}.Release|Any CPU.ActiveCfg = Release|Any CPU
		{F41ED740-289C-4769-A266-E522C1A5E065}.Release|Any CPU.Build.0 = Release|Any CPU
		{9571797C-6A2B-4C64-B404-1C5C614B92CA}.Debug|Any CPU.ActiveCfg = Debug|Any CPU
		{9571797C-6A2B-4C64-B404-1C5C614B92CA}.Debug|Any CPU.Build.0 = Debug|Any CPU
		{9571797C-6A2B-4C64-B404-1C5C614B92CA}.Release|Any CPU.ActiveCfg = Release|Any CPU
		{9571797C-6A2B-4C64-B404-1C5C614B92CA}.Release|Any CPU.Build.0 = Release|Any CPU
	EndGlobalSection
	GlobalSection(SolutionProperties) = preSolution
		HideSolutionNode = FALSE
	EndGlobalSection
EndGlobal
