
Microsoft Visual Studio Solution File, Format Version 12.00
# Visual Studio Version 16
VisualStudioVersion = 16.0.29519.181
MinimumVisualStudioVersion = 10.0.40219.1
Project("{FAE04EC0-301F-11D3-BF4B-00C04F79EFBC}") = "GrpcSampleService", "GrpcSampleService\GrpcSampleService.csproj", "{BF504605-D374-457F-9489-2EDF1F9CB360}"
EndProject
Project("{FAE04EC0-301F-11D3-BF4B-00C04F79EFBC}") = "GrpcSampleClient", "GrpcSampleClient\GrpcSampleClient.csproj", "{D3E42D81-C589-4A0A-ABAE-4AE7CAE4E3C6}"
EndProject
Global
	GlobalSection(SolutionConfigurationPlatforms) = preSolution
		Debug|Any CPU = Debug|Any CPU
		Release|Any CPU = Release|Any CPU
	EndGlobalSection
	GlobalSection(ProjectConfigurationPlatforms) = postSolution
		{BF504605-D374-457F-9489-2EDF1F9CB360}.Debug|Any CPU.ActiveCfg = Debug|Any CPU
		{BF504605-D374-457F-9489-2EDF1F9CB360}.Debug|Any CPU.Build.0 = Debug|Any CPU
		{BF504605-D374-457F-9489-2EDF1F9CB360}.Release|Any CPU.ActiveCfg = Release|Any CPU
		{BF504605-D374-457F-9489-2EDF1F9CB360}.Release|Any CPU.Build.0 = Release|Any CPU
		{D3E42D81-C589-4A0A-ABAE-4AE7CAE4E3C6}.Debug|Any CPU.ActiveCfg = Debug|Any CPU
		{D3E42D81-C589-4A0A-ABAE-4AE7CAE4E3C6}.Debug|Any CPU.Build.0 = Debug|Any CPU
		{D3E42D81-C589-4A0A-ABAE-4AE7CAE4E3C6}.Release|Any CPU.ActiveCfg = Release|Any CPU
		{D3E42D81-C589-4A0A-ABAE-4AE7CAE4E3C6}.Release|Any CPU.Build.0 = Release|Any CPU
	EndGlobalSection
	GlobalSection(SolutionProperties) = preSolution
		HideSolutionNode = FALSE
	EndGlobalSection
	GlobalSection(ExtensibilityGlobals) = postSolution
		SolutionGuid = {AD58C5BE-273A-4202-94E5-97F9D3BEEDCA}
	EndGlobalSection
EndGlobal
