
Microsoft Visual Studio Solution File, Format Version 12.00
# Visual Studio 15
VisualStudioVersion = 15.0.27130.2036
MinimumVisualStudioVersion = 10.0.40219.1
Project("{2150E333-8FDC-42A3-9474-1A3956D46DE8}") = "src", "src", "{425F5F27-F4C3-4D0A-95D8-5215E3076EBC}"
EndProject
Project("{2150E333-8FDC-42A3-9474-1A3956D46DE8}") = "Solution Items", "Solution Items", "{A97CFBC3-39FC-4F0A-940E-BB52EBF95A98}"
EndProject
Project("{9A19103F-16F7-4668-BE54-9A1E7A4F7556}") = "EFLoggingSample", "src\EFLoggingSample\EFLoggingSample.csproj", "{BF5D70DD-537D-498F-A4BB-D039FC6DC1EA}"
EndProject
Global
	GlobalSection(SolutionConfigurationPlatforms) = preSolution
		Debug|Any CPU = Debug|Any CPU
		Release|Any CPU = Release|Any CPU
	EndGlobalSection
	GlobalSection(ProjectConfigurationPlatforms) = postSolution
		{BF5D70DD-537D-498F-A4BB-D039FC6DC1EA}.Debug|Any CPU.ActiveCfg = Debug|Any CPU
		{BF5D70DD-537D-498F-A4BB-D039FC6DC1EA}.Debug|Any CPU.Build.0 = Debug|Any CPU
		{BF5D70DD-537D-498F-A4BB-D039FC6DC1EA}.Release|Any CPU.ActiveCfg = Release|Any CPU
		{BF5D70DD-537D-498F-A4BB-D039FC6DC1EA}.Release|Any CPU.Build.0 = Release|Any CPU
	EndGlobalSection
	GlobalSection(SolutionProperties) = preSolution
		HideSolutionNode = FALSE
	EndGlobalSection
	GlobalSection(NestedProjects) = preSolution
		{BF5D70DD-537D-498F-A4BB-D039FC6DC1EA} = {425F5F27-F4C3-4D0A-95D8-5215E3076EBC}
	EndGlobalSection
	GlobalSection(ExtensibilityGlobals) = postSolution
		SolutionGuid = {3B38026A-A2CF-4645-9C4B-6295C3CDC4BA}
	EndGlobalSection
EndGlobal
