
Microsoft Visual Studio Solution File, Format Version 12.00
# Visual Studio Version 17
VisualStudioVersion = 17.0.31512.422
MinimumVisualStudioVersion = 10.0.40219.1
Project("{9A19103F-16F7-4668-BE54-9A1E7A4F7556}") = "ConfigSample", "ConfigSample.csproj", "{933CCD9F-F149-430D-AE61-C5A51BCB2EBC}"
EndProject
Global
	GlobalSection(SolutionConfigurationPlatforms) = preSolution
		Debug|Any CPU = Debug|Any CPU
		Release|Any CPU = Release|Any CPU
	EndGlobalSection
	GlobalSection(ProjectConfigurationPlatforms) = postSolution
		{933CCD9F-F149-430D-AE61-C5A51BCB2EBC}.Debug|Any CPU.ActiveCfg = Debug|Any CPU
		{933CCD9F-F149-430D-AE61-C5A51BCB2EBC}.Debug|Any CPU.Build.0 = Debug|Any CPU
		{933CCD9F-F149-430D-AE61-C5A51BCB2EBC}.Release|Any CPU.ActiveCfg = Release|Any CPU
		{933CCD9F-F149-430D-AE61-C5A51BCB2EBC}.Release|Any CPU.Build.0 = Release|Any CPU
	EndGlobalSection
	GlobalSection(SolutionProperties) = preSolution
		HideSolutionNode = FALSE
	EndGlobalSection
	GlobalSection(ExtensibilityGlobals) = postSolution
		SolutionGuid = {6E442D96-E508-49F4-B4FF-55B209CB48E2}
	EndGlobalSection
EndGlobal
