
Microsoft Visual Studio Solution File, Format Version 12.00
# Visual Studio Version 16
VisualStudioVersion = 16.0.28803.352
MinimumVisualStudioVersion = 10.0.40219.1
Project("{9A19103F-16F7-4668-BE54-9A1E7A4F7556}") = "ClickToSignalRApp", "ClickToSignalRApp\ClickToSignalRApp.csproj", "{B3E0CEEF-9C76-4833-8F64-698070FA3028}"
EndProject
Project("{9A19103F-16F7-4668-BE54-9A1E7A4F7556}") = "ClientApp", "ClientApp\ClientApp.csproj", "{ECB4E48D-8D4C-4DE7-BD0F-E13A62852B25}"
EndProject
Project("{9A19103F-16F7-4668-BE54-9A1E7A4F7556}") = "ASPNETCoreSignalRService", "ASPNETCoreSignalRService\ASPNETCoreSignalRService.csproj", "{9E181513-CCF4-4993-A2B2-A09911881C14}"
EndProject
Global
	GlobalSection(SolutionConfigurationPlatforms) = preSolution
		Debug|Any CPU = Debug|Any CPU
		Release|Any CPU = Release|Any CPU
	EndGlobalSection
	GlobalSection(ProjectConfigurationPlatforms) = postSolution
		{B3E0CEEF-9C76-4833-8F64-698070FA3028}.Debug|Any CPU.ActiveCfg = Debug|Any CPU
		{B3E0CEEF-9C76-4833-8F64-698070FA3028}.Debug|Any CPU.Build.0 = Debug|Any CPU
		{B3E0CEEF-9C76-4833-8F64-698070FA3028}.Release|Any CPU.ActiveCfg = Release|Any CPU
		{B3E0CEEF-9C76-4833-8F64-698070FA3028}.Release|Any CPU.Build.0 = Release|Any CPU
		{ECB4E48D-8D4C-4DE7-BD0F-E13A62852B25}.Debug|Any CPU.ActiveCfg = Debug|Any CPU
		{ECB4E48D-8D4C-4DE7-BD0F-E13A62852B25}.Debug|Any CPU.Build.0 = Debug|Any CPU
		{ECB4E48D-8D4C-4DE7-BD0F-E13A62852B25}.Release|Any CPU.ActiveCfg = Release|Any CPU
		{ECB4E48D-8D4C-4DE7-BD0F-E13A62852B25}.Release|Any CPU.Build.0 = Release|Any CPU
		{9E181513-CCF4-4993-A2B2-A09911881C14}.Debug|Any CPU.ActiveCfg = Debug|Any CPU
		{9E181513-CCF4-4993-A2B2-A09911881C14}.Debug|Any CPU.Build.0 = Debug|Any CPU
		{9E181513-CCF4-4993-A2B2-A09911881C14}.Release|Any CPU.ActiveCfg = Release|Any CPU
		{9E181513-CCF4-4993-A2B2-A09911881C14}.Release|Any CPU.Build.0 = Release|Any CPU
	EndGlobalSection
	GlobalSection(SolutionProperties) = preSolution
		HideSolutionNode = FALSE
	EndGlobalSection
	GlobalSection(ExtensibilityGlobals) = postSolution
		SolutionGuid = {34CBD1DF-64D0-4D3E-A78F-2EE6F659E7C5}
	EndGlobalSection
EndGlobal
